// !$*UTF8*$!
{
	archiveVersion = 1;
	classes = {
	};
	objectVersion = 46;
	objects = {

/* Begin PBXBuildFile section */
		2B1CA685CD005FD7E3DAB4B5 /* libPods-ChineseGirl_Example.a in Frameworks */ = {isa = PBXBuildFile; fileRef = 4589C979392A46F34685E73D /* libPods-ChineseGirl_Example.a */; };
		6003F58E195388D20070C39A /* Foundation.framework in Frameworks */ = {isa = PBXBuildFile; fileRef = 6003F58D195388D20070C39A /* Foundation.framework */; };
		6003F590195388D20070C39A /* CoreGraphics.framework in Frameworks */ = {isa = PBXBuildFile; fileRef = 6003F58F195388D20070C39A /* CoreGraphics.framework */; };
		6003F592195388D20070C39A /* UIKit.framework in Frameworks */ = {isa = PBXBuildFile; fileRef = 6003F591195388D20070C39A /* UIKit.framework */; };
		6003F59A195388D20070C39A /* main.m in Sources */ = {isa = PBXBuildFile; fileRef = 6003F599195388D20070C39A /* main.m */; };
		6003F59E195388D20070C39A /* CGAppDelegate.m in Sources */ = {isa = PBXBuildFile; fileRef = 6003F59D195388D20070C39A /* CGAppDelegate.m */; };
		6003F5A7195388D20070C39A /* CGViewController.m in Sources */ = {isa = PBXBuildFile; fileRef = 6003F5A6195388D20070C39A /* CGViewController.m */; };
		6003F5A9195388D20070C39A /* Images.xcassets in Resources */ = {isa = PBXBuildFile; fileRef = 6003F5A8195388D20070C39A /* Images.xcassets */; };
		6003F5B0195388D20070C39A /* XCTest.framework in Frameworks */ = {isa = PBXBuildFile; fileRef = 6003F5AF195388D20070C39A /* XCTest.framework */; };
		6003F5B1195388D20070C39A /* Foundation.framework in Frameworks */ = {isa = PBXBuildFile; fileRef = 6003F58D195388D20070C39A /* Foundation.framework */; };
		6003F5B2195388D20070C39A /* UIKit.framework in Frameworks */ = {isa = PBXBuildFile; fileRef = 6003F591195388D20070C39A /* UIKit.framework */; };
		6003F5BA195388D20070C39A /* InfoPlist.strings in Resources */ = {isa = PBXBuildFile; fileRef = 6003F5B8195388D20070C39A /* InfoPlist.strings */; };
		6003F5BC195388D20070C39A /* Tests.m in Sources */ = {isa = PBXBuildFile; fileRef = 6003F5BB195388D20070C39A /* Tests.m */; };
		71719F9F1E33DC2100824A3D /* LaunchScreen.storyboard in Resources */ = {isa = PBXBuildFile; fileRef = 71719F9D1E33DC2100824A3D /* LaunchScreen.storyboard */; };
		873B8AEB1B1F5CCA007FD442 /* Main.storyboard in Resources */ = {isa = PBXBuildFile; fileRef = 873B8AEA1B1F5CCA007FD442 /* Main.storyboard */; };
		E504AB8F1F507C0100E1F48C /* MBProgressHUD+Add.m in Sources */ = {isa = PBXBuildFile; fileRef = E504AB6D1F507C0100E1F48C /* MBProgressHUD+Add.m */; };
		E504AB901F507C0100E1F48C /* MBProgressHUD.bundle in Resources */ = {isa = PBXBuildFile; fileRef = E504AB6E1F507C0100E1F48C /* MBProgressHUD.bundle */; };
		E504AB911F507C0100E1F48C /* MBProgressHUD.m in Sources */ = {isa = PBXBuildFile; fileRef = E504AB701F507C0100E1F48C /* MBProgressHUD.m */; };
		E504AB921F507C0100E1F48C /* MJPhoto.m in Sources */ = {isa = PBXBuildFile; fileRef = E504AB731F507C0100E1F48C /* MJPhoto.m */; };
		E504AB931F507C0100E1F48C /* MJPhotoBrowser.bundle in Resources */ = {isa = PBXBuildFile; fileRef = E504AB741F507C0100E1F48C /* MJPhotoBrowser.bundle */; };
		E504AB941F507C0100E1F48C /* MJPhotoBrowser.m in Sources */ = {isa = PBXBuildFile; fileRef = E504AB761F507C0100E1F48C /* MJPhotoBrowser.m */; };
		E504AB951F507C0100E1F48C /* MJPhotoLoadingView.m in Sources */ = {isa = PBXBuildFile; fileRef = E504AB781F507C0100E1F48C /* MJPhotoLoadingView.m */; };
		E504AB961F507C0100E1F48C /* MJPhotoProgressView.m in Sources */ = {isa = PBXBuildFile; fileRef = E504AB7A1F507C0100E1F48C /* MJPhotoProgressView.m */; };
		E504AB971F507C0100E1F48C /* MJPhotoToolbar.m in Sources */ = {isa = PBXBuildFile; fileRef = E504AB7C1F507C0100E1F48C /* MJPhotoToolbar.m */; };
		E504AB981F507C0100E1F48C /* MJPhotoView.m in Sources */ = {isa = PBXBuildFile; fileRef = E504AB7E1F507C0100E1F48C /* MJPhotoView.m */; };
		E504AB9B1F507C3B00E1F48C /* UIImageView+MJWebCache.m in Sources */ = {isa = PBXBuildFile; fileRef = E504AB9A1F507C3B00E1F48C /* UIImageView+MJWebCache.m */; };
		E508B1B71F714C750048C378 /* CGBottleTextView.m in Sources */ = {isa = PBXBuildFile; fileRef = E508B1B61F714C750048C378 /* CGBottleTextView.m */; };
		E511CB141FB00013006BA362 /* InfoPlist.strings in Resources */ = {isa = PBXBuildFile; fileRef = E511CB161FB00013006BA362 /* InfoPlist.strings */; };
		E511CB241FB005EF006BA362 /* Localizable.strings in Resources */ = {isa = PBXBuildFile; fileRef = E511CB261FB005EF006BA362 /* Localizable.strings */; };
		E51ED2DC1F5FFFEC0080BBA1 /* NewsContentTableViewCell.m in Sources */ = {isa = PBXBuildFile; fileRef = E51ED2DB1F5FFFEC0080BBA1 /* NewsContentTableViewCell.m */; };
		E51ED2DF1F6000130080BBA1 /* NewsContentModel.m in Sources */ = {isa = PBXBuildFile; fileRef = E51ED2DE1F6000130080BBA1 /* NewsContentModel.m */; };
		E5260EDA1F69698E001824F1 /* CGPickBottleContentView.m in Sources */ = {isa = PBXBuildFile; fileRef = E5260ED91F69698E001824F1 /* CGPickBottleContentView.m */; };
		E534E1C21FBBDF9A00F4962E /* CGFriendsViewcontroller.m in Sources */ = {isa = PBXBuildFile; fileRef = E534E1BE1FBBDF9A00F4962E /* CGFriendsViewcontroller.m */; };
		E534E1C31FBBDF9A00F4962E /* NSString+PinYin.m in Sources */ = {isa = PBXBuildFile; fileRef = E534E1C11FBBDF9A00F4962E /* NSString+PinYin.m */; };
		E53503B11F9C721900E1D8C5 /* MyCommitSViewController.m in Sources */ = {isa = PBXBuildFile; fileRef = E53503B01F9C721900E1D8C5 /* MyCommitSViewController.m */; };
		E538D7491F429ACC0079AE94 /* AFHTTPSessionManager.m in Sources */ = {isa = PBXBuildFile; fileRef = E538D73D1F429ACC0079AE94 /* AFHTTPSessionManager.m */; };
		E538D74A1F429ACC0079AE94 /* AFNetworkReachabilityManager.m in Sources */ = {isa = PBXBuildFile; fileRef = E538D7401F429ACC0079AE94 /* AFNetworkReachabilityManager.m */; };
		E538D74B1F429ACC0079AE94 /* AFSecurityPolicy.m in Sources */ = {isa = PBXBuildFile; fileRef = E538D7421F429ACC0079AE94 /* AFSecurityPolicy.m */; };
		E538D74C1F429ACC0079AE94 /* AFURLRequestSerialization.m in Sources */ = {isa = PBXBuildFile; fileRef = E538D7441F429ACC0079AE94 /* AFURLRequestSerialization.m */; };
		E538D74D1F429ACC0079AE94 /* AFURLResponseSerialization.m in Sources */ = {isa = PBXBuildFile; fileRef = E538D7461F429ACC0079AE94 /* AFURLResponseSerialization.m */; };
		E538D74E1F429ACC0079AE94 /* AFURLSessionManager.m in Sources */ = {isa = PBXBuildFile; fileRef = E538D7481F429ACC0079AE94 /* AFURLSessionManager.m */; };
		E538D7661F429BE80079AE94 /* DriftBottleViewController.m in Sources */ = {isa = PBXBuildFile; fileRef = E538D7511F429BE80079AE94 /* DriftBottleViewController.m */; };
		E538D7671F429BE80079AE94 /* WSCollectionCell.m in Sources */ = {isa = PBXBuildFile; fileRef = E538D7551F429BE80079AE94 /* WSCollectionCell.m */; };
		E538D7681F429BE80079AE94 /* IndexViewController.m in Sources */ = {isa = PBXBuildFile; fileRef = E538D7571F429BE80079AE94 /* IndexViewController.m */; };
		E538D7691F429BE80079AE94 /* CellModel.m in Sources */ = {isa = PBXBuildFile; fileRef = E538D75A1F429BE80079AE94 /* CellModel.m */; };
		E538D76A1F429BE80079AE94 /* IndexCollectionView.m in Sources */ = {isa = PBXBuildFile; fileRef = E538D75D1F429BE80079AE94 /* IndexCollectionView.m */; };
		E538D76B1F429BE80079AE94 /* WSLayout.m in Sources */ = {isa = PBXBuildFile; fileRef = E538D75F1F429BE80079AE94 /* WSLayout.m */; };
		E538D76C1F429BE80079AE94 /* MineViewController.m in Sources */ = {isa = PBXBuildFile; fileRef = E538D7621F429BE80079AE94 /* MineViewController.m */; };
		E538D76D1F429BE80079AE94 /* NewsViewController.m in Sources */ = {isa = PBXBuildFile; fileRef = E538D7651F429BE80079AE94 /* NewsViewController.m */; };
		E538D7701F429C060079AE94 /* UIViewController+NavigationBar.m in Sources */ = {isa = PBXBuildFile; fileRef = E538D76F1F429C060079AE94 /* UIViewController+NavigationBar.m */; };
		E53C9D651F55871F0069D663 /* NewsMessageController.m in Sources */ = {isa = PBXBuildFile; fileRef = E53C9D641F55871F0069D663 /* NewsMessageController.m */; };
		E53C9D681F558AAA0069D663 /* NewsInfoModel.m in Sources */ = {isa = PBXBuildFile; fileRef = E53C9D671F558AAA0069D663 /* NewsInfoModel.m */; };
		E53C9D6B1F558B700069D663 /* NewsInfoCellTableViewCell.m in Sources */ = {isa = PBXBuildFile; fileRef = E53C9D6A1F558B700069D663 /* NewsInfoCellTableViewCell.m */; };
		E53CD2E41F4F15B600CF913D /* MyIndexModel.m in Sources */ = {isa = PBXBuildFile; fileRef = E53CD2E31F4F15B600CF913D /* MyIndexModel.m */; };
		E53CD2E71F4F17DC00CF913D /* MyIndexCell.m in Sources */ = {isa = PBXBuildFile; fileRef = E53CD2E51F4F17DC00CF913D /* MyIndexCell.m */; };
		E54FAA5A1F5A9E71006C65AF /* MyCommitHeaderView.m in Sources */ = {isa = PBXBuildFile; fileRef = E54FAA591F5A9E71006C65AF /* MyCommitHeaderView.m */; };
		E54FAA5D1F5A9F52006C65AF /* MycommitModel.m in Sources */ = {isa = PBXBuildFile; fileRef = E54FAA5C1F5A9F52006C65AF /* MycommitModel.m */; };
		E54FAA601F5AA90A006C65AF /* myCommitCell.m in Sources */ = {isa = PBXBuildFile; fileRef = E54FAA5F1F5AA90A006C65AF /* myCommitCell.m */; };
		E55DF4BD1FBB2F2600E5215E /* CGLocationTableViewCell.m in Sources */ = {isa = PBXBuildFile; fileRef = E55DF4BC1FBB2F2600E5215E /* CGLocationTableViewCell.m */; };
		E55DF4BF1FBB315100E5215E /* CoreLocation.framework in Frameworks */ = {isa = PBXBuildFile; fileRef = E55DF4BE1FBB315100E5215E /* CoreLocation.framework */; };
		E56826101F9E275A0099F363 /* MineProfileInfoViewController.m in Sources */ = {isa = PBXBuildFile; fileRef = E568260F1F9E275A0099F363 /* MineProfileInfoViewController.m */; };
		E56826131F9E31130099F363 /* MineAccountViewController.m in Sources */ = {isa = PBXBuildFile; fileRef = E56826121F9E31130099F363 /* MineAccountViewController.m */; };
		E56826161F9E32600099F363 /* MinePasswordViewController.m in Sources */ = {isa = PBXBuildFile; fileRef = E56826151F9E32600099F363 /* MinePasswordViewController.m */; };
		E581D53E1F66987A00FD9A28 /* ShapedImageView.m in Sources */ = {isa = PBXBuildFile; fileRef = E581D53D1F66987A00FD9A28 /* ShapedImageView.m */; };
		E5944BFF1FB9757600013F78 /* CGGetCityPlist.m in Sources */ = {isa = PBXBuildFile; fileRef = E5944BFD1FB9757600013F78 /* CGGetCityPlist.m */; };
		E5944C001FB9757600013F78 /* city.txt in Resources */ = {isa = PBXBuildFile; fileRef = E5944BFE1FB9757600013F78 /* city.txt */; };
		E5944C031FB975D400013F78 /* UICountryViewController.m in Sources */ = {isa = PBXBuildFile; fileRef = E5944C021FB975D300013F78 /* UICountryViewController.m */; };
		E5944C061FB975FC00013F78 /* UICitySViewController.m in Sources */ = {isa = PBXBuildFile; fileRef = E5944C051FB975FC00013F78 /* UICitySViewController.m */; };
		E59F2EA81F511DB600A238CE /* myHeaderViewCell.m in Sources */ = {isa = PBXBuildFile; fileRef = E59F2EA71F511DB600A238CE /* myHeaderViewCell.m */; };
		E5A513B61F60328100B4AC1F /* NewsContentCustomLabel.m in Sources */ = {isa = PBXBuildFile; fileRef = E5A513B51F60328100B4AC1F /* NewsContentCustomLabel.m */; };
		E5B0A1461F62827A00FD6476 /* CGForgetPasswordViewController.m in Sources */ = {isa = PBXBuildFile; fileRef = E5B0A1451F62827A00FD6476 /* CGForgetPasswordViewController.m */; };
		E5B174EF1F9CAA180055E16A /* CGSingleCommitData.m in Sources */ = {isa = PBXBuildFile; fileRef = E5B174EE1F9CAA180055E16A /* CGSingleCommitData.m */; };
		E5C011A41F526D57003FB906 /* NewsBottomMessage.m in Sources */ = {isa = PBXBuildFile; fileRef = E5C011A31F526D57003FB906 /* NewsBottomMessage.m */; };
		E5C011BF1F52771F003FB906 /* UIMessageCustom.m in Sources */ = {isa = PBXBuildFile; fileRef = E5C011BE1F52771F003FB906 /* UIMessageCustom.m */; };
		E5C0CD691FB80BEC002394C9 /* pinglunren.plist in Resources */ = {isa = PBXBuildFile; fileRef = E5C0CD651FB80BEB002394C9 /* pinglunren.plist */; };
		E5C0CD6A1FB80BEC002394C9 /* pinglun.plist in Resources */ = {isa = PBXBuildFile; fileRef = E5C0CD661FB80BEB002394C9 /* pinglun.plist */; };
		E5C0CD701FB80C35002394C9 /* CGPinglunModel.m in Sources */ = {isa = PBXBuildFile; fileRef = E5C0CD6F1FB80C35002394C9 /* CGPinglunModel.m */; };
		E5C0CD731FB80EAB002394C9 /* CGPinglunren.m in Sources */ = {isa = PBXBuildFile; fileRef = E5C0CD721FB80EAB002394C9 /* CGPinglunren.m */; };
		E5C0CD761FB80F2D002394C9 /* CGShuoShuo.m in Sources */ = {isa = PBXBuildFile; fileRef = E5C0CD751FB80F2D002394C9 /* CGShuoShuo.m */; };
		E5C0CD791FB80FCB002394C9 /* CGUserInfo.m in Sources */ = {isa = PBXBuildFile; fileRef = E5C0CD781FB80FCB002394C9 /* CGUserInfo.m */; };
		E5C0CD811FB81F20002394C9 /* CGIndexModel.m in Sources */ = {isa = PBXBuildFile; fileRef = E5C0CD801FB81F20002394C9 /* CGIndexModel.m */; };
		E5C0CD831FB81F8B002394C9 /* index.plist in Resources */ = {isa = PBXBuildFile; fileRef = E5C0CD821FB81F8B002394C9 /* index.plist */; };
		E5C0CD891FB8349F002394C9 /* userInfo.plist in Resources */ = {isa = PBXBuildFile; fileRef = E5C0CD881FB8349F002394C9 /* userInfo.plist */; };
		E5C0CD8C1FB83EF5002394C9 /* CGPinglun.m in Sources */ = {isa = PBXBuildFile; fileRef = E5C0CD8B1FB83EF5002394C9 /* CGPinglun.m */; };
		E5C0CD8E1FB841B8002394C9 /* shuoshuo.plist in Resources */ = {isa = PBXBuildFile; fileRef = E5C0CD8D1FB841B7002394C9 /* shuoshuo.plist */; };
		E5C960821F93132C00EB654A /* WSCollectionHeaderCell.m in Sources */ = {isa = PBXBuildFile; fileRef = E5C960811F93132C00EB654A /* WSCollectionHeaderCell.m */; };
		E5C960871F93507500EB654A /* MySettingTableViewCell.m in Sources */ = {isa = PBXBuildFile; fileRef = E5C960861F93507500EB654A /* MySettingTableViewCell.m */; };
		E5C9608E1F935F8900EB654A /* MineSettingTextView.m in Sources */ = {isa = PBXBuildFile; fileRef = E5C9608D1F935F8900EB654A /* MineSettingTextView.m */; };
		E5C960911F93622700EB654A /* MineSettingTextViewController.m in Sources */ = {isa = PBXBuildFile; fileRef = E5C960901F93622700EB654A /* MineSettingTextViewController.m */; };
		E5D04A4D1F68097A00844B2F /* icon_bubble_left.png in Resources */ = {isa = PBXBuildFile; fileRef = E5D04A4C1F68097A00844B2F /* icon_bubble_left.png */; };
		E5D04A4F1F68099600844B2F /* icon_bubble_right.png in Resources */ = {isa = PBXBuildFile; fileRef = E5D04A4E1F68099600844B2F /* icon_bubble_right.png */; };
		E5D9F0321FB2E2D400DAEB7A /* TWCity.plist in Resources */ = {isa = PBXBuildFile; fileRef = E5D9F02F1FB2E2D200DAEB7A /* TWCity.plist */; };
		E5D9F0331FB2E2D400DAEB7A /* CNCity.plist in Resources */ = {isa = PBXBuildFile; fileRef = E5D9F0301FB2E2D300DAEB7A /* CNCity.plist */; };
		E5D9F0341FB2E2D400DAEB7A /* ENCity.plist in Resources */ = {isa = PBXBuildFile; fileRef = E5D9F0311FB2E2D400DAEB7A /* ENCity.plist */; };
		E5E0FE461F9AF15700B5228E /* CityData.plist in Resources */ = {isa = PBXBuildFile; fileRef = E5E0FE351F9AF15700B5228E /* CityData.plist */; };
		E5E0FE471F9AF15700B5228E /* NicknameViewController.m in Sources */ = {isa = PBXBuildFile; fileRef = E5E0FE371F9AF15700B5228E /* NicknameViewController.m */; };
		E5E0FE481F9AF15700B5228E /* SignatureViewController.m in Sources */ = {isa = PBXBuildFile; fileRef = E5E0FE391F9AF15700B5228E /* SignatureViewController.m */; };
		E5E0FE491F9AF15700B5228E /* WYBirthdayPickerView.m in Sources */ = {isa = PBXBuildFile; fileRef = E5E0FE3B1F9AF15700B5228E /* WYBirthdayPickerView.m */; };
		E5E0FE4A1F9AF15700B5228E /* WYCityPickerView.m in Sources */ = {isa = PBXBuildFile; fileRef = E5E0FE3D1F9AF15700B5228E /* WYCityPickerView.m */; };
		E5E0FE4B1F9AF15700B5228E /* WYGenderPickerView.m in Sources */ = {isa = PBXBuildFile; fileRef = E5E0FE3F1F9AF15700B5228E /* WYGenderPickerView.m */; };
		E5E0FE4C1F9AF15700B5228E /* WYHeightPickerView.m in Sources */ = {isa = PBXBuildFile; fileRef = E5E0FE411F9AF15700B5228E /* WYHeightPickerView.m */; };
		E5E0FE4D1F9AF15700B5228E /* WYLongTextInputView.m in Sources */ = {isa = PBXBuildFile; fileRef = E5E0FE431F9AF15700B5228E /* WYLongTextInputView.m */; };
		E5E0FE4E1F9AF15700B5228E /* 返回@2x.png in Resources */ = {isa = PBXBuildFile; fileRef = E5E0FE441F9AF15700B5228E /* 返回@2x.png */; };
		E5E0FE4F1F9AF15700B5228E /* 返回@3x.png in Resources */ = {isa = PBXBuildFile; fileRef = E5E0FE451F9AF15700B5228E /* 返回@3x.png */; };
		E5E35D361F9B426600322F9D /* UICustomPickImgView.m in Sources */ = {isa = PBXBuildFile; fileRef = E5E35D351F9B426600322F9D /* UICustomPickImgView.m */; };
		E5EFC82B1F492CEB0078F856 /* MyIndexViewController.m in Sources */ = {isa = PBXBuildFile; fileRef = E5EFC82A1F492CEB0078F856 /* MyIndexViewController.m */; };
		E5F0A3EC1F57F7FD0051699B /* CGLoginViewController.m in Sources */ = {isa = PBXBuildFile; fileRef = E5F0A3E91F57F7FD0051699B /* CGLoginViewController.m */; };
		E5F0A3EF1F57F8750051699B /* CGLoginIndexView.m in Sources */ = {isa = PBXBuildFile; fileRef = E5F0A3EE1F57F8750051699B /* CGLoginIndexView.m */; };
		E5F0A3F21F5803860051699B /* CGLoginIndexCustomTextField.m in Sources */ = {isa = PBXBuildFile; fileRef = E5F0A3F11F5803860051699B /* CGLoginIndexCustomTextField.m */; };
		E5FA64141F585ED80032D1BB /* CGRegisterIndexView.m in Sources */ = {isa = PBXBuildFile; fileRef = E5FA64131F585ED80032D1BB /* CGRegisterIndexView.m */; };
		E5FA64171F5865C70032D1BB /* CGRegisterIndexViewController.m in Sources */ = {isa = PBXBuildFile; fileRef = E5FA64161F5865C70032D1BB /* CGRegisterIndexViewController.m */; };
/* End PBXBuildFile section */

/* Begin PBXContainerItemProxy section */
		6003F5B3195388D20070C39A /* PBXContainerItemProxy */ = {
			isa = PBXContainerItemProxy;
			containerPortal = 6003F582195388D10070C39A /* Project object */;
			proxyType = 1;
			remoteGlobalIDString = 6003F589195388D20070C39A;
			remoteInfo = ChineseGirl;
		};
/* End PBXContainerItemProxy section */

/* Begin PBXFileReference section */
		316E80916C6CF72CE7A385BD /* LICENSE */ = {isa = PBXFileReference; includeInIndex = 1; lastKnownFileType = text; name = LICENSE; path = ../LICENSE; sourceTree = "<group>"; };
		42FA0950B1EA4E1BB940138C /* Pods-ChineseGirl_Example.release.xcconfig */ = {isa = PBXFileReference; includeInIndex = 1; lastKnownFileType = text.xcconfig; name = "Pods-ChineseGirl_Example.release.xcconfig"; path = "Pods/Target Support Files/Pods-ChineseGirl_Example/Pods-ChineseGirl_Example.release.xcconfig"; sourceTree = "<group>"; };
		4589C979392A46F34685E73D /* libPods-ChineseGirl_Example.a */ = {isa = PBXFileReference; explicitFileType = archive.ar; includeInIndex = 0; path = "libPods-ChineseGirl_Example.a"; sourceTree = BUILT_PRODUCTS_DIR; };
		528AD7C7967D905AD3551C4D /* ChineseGirl.podspec */ = {isa = PBXFileReference; includeInIndex = 1; lastKnownFileType = text; name = ChineseGirl.podspec; path = ../ChineseGirl.podspec; sourceTree = "<group>"; };
		6003F58A195388D20070C39A /* ChineseGirl_Example.app */ = {isa = PBXFileReference; explicitFileType = wrapper.application; includeInIndex = 0; path = ChineseGirl_Example.app; sourceTree = BUILT_PRODUCTS_DIR; };
		6003F58D195388D20070C39A /* Foundation.framework */ = {isa = PBXFileReference; lastKnownFileType = wrapper.framework; name = Foundation.framework; path = System/Library/Frameworks/Foundation.framework; sourceTree = SDKROOT; };
		6003F58F195388D20070C39A /* CoreGraphics.framework */ = {isa = PBXFileReference; lastKnownFileType = wrapper.framework; name = CoreGraphics.framework; path = System/Library/Frameworks/CoreGraphics.framework; sourceTree = SDKROOT; };
		6003F591195388D20070C39A /* UIKit.framework */ = {isa = PBXFileReference; lastKnownFileType = wrapper.framework; name = UIKit.framework; path = System/Library/Frameworks/UIKit.framework; sourceTree = SDKROOT; };
		6003F595195388D20070C39A /* ChineseGirl-Info.plist */ = {isa = PBXFileReference; lastKnownFileType = text.plist.xml; path = "ChineseGirl-Info.plist"; sourceTree = "<group>"; };
		6003F599195388D20070C39A /* main.m */ = {isa = PBXFileReference; lastKnownFileType = sourcecode.c.objc; path = main.m; sourceTree = "<group>"; };
		6003F59B195388D20070C39A /* ChineseGirl-Prefix.pch */ = {isa = PBXFileReference; lastKnownFileType = sourcecode.c.h; path = "ChineseGirl-Prefix.pch"; sourceTree = "<group>"; };
		6003F59C195388D20070C39A /* CGAppDelegate.h */ = {isa = PBXFileReference; lastKnownFileType = sourcecode.c.h; path = CGAppDelegate.h; sourceTree = "<group>"; };
		6003F59D195388D20070C39A /* CGAppDelegate.m */ = {isa = PBXFileReference; lastKnownFileType = sourcecode.c.objc; path = CGAppDelegate.m; sourceTree = "<group>"; };
		6003F5A5195388D20070C39A /* CGViewController.h */ = {isa = PBXFileReference; lastKnownFileType = sourcecode.c.h; path = CGViewController.h; sourceTree = "<group>"; };
		6003F5A6195388D20070C39A /* CGViewController.m */ = {isa = PBXFileReference; lastKnownFileType = sourcecode.c.objc; path = CGViewController.m; sourceTree = "<group>"; };
		6003F5A8195388D20070C39A /* Images.xcassets */ = {isa = PBXFileReference; lastKnownFileType = folder.assetcatalog; path = Images.xcassets; sourceTree = "<group>"; };
		6003F5AE195388D20070C39A /* ChineseGirl_Tests.xctest */ = {isa = PBXFileReference; explicitFileType = wrapper.cfbundle; includeInIndex = 0; path = ChineseGirl_Tests.xctest; sourceTree = BUILT_PRODUCTS_DIR; };
		6003F5AF195388D20070C39A /* XCTest.framework */ = {isa = PBXFileReference; lastKnownFileType = wrapper.framework; name = XCTest.framework; path = Library/Frameworks/XCTest.framework; sourceTree = DEVELOPER_DIR; };
		6003F5B7195388D20070C39A /* Tests-Info.plist */ = {isa = PBXFileReference; lastKnownFileType = text.plist.xml; path = "Tests-Info.plist"; sourceTree = "<group>"; };
		6003F5B9195388D20070C39A /* en */ = {isa = PBXFileReference; lastKnownFileType = text.plist.strings; name = en; path = en.lproj/InfoPlist.strings; sourceTree = "<group>"; };
		6003F5BB195388D20070C39A /* Tests.m */ = {isa = PBXFileReference; lastKnownFileType = sourcecode.c.objc; path = Tests.m; sourceTree = "<group>"; };
		606FC2411953D9B200FFA9A0 /* Tests-Prefix.pch */ = {isa = PBXFileReference; lastKnownFileType = sourcecode.c.h; path = "Tests-Prefix.pch"; sourceTree = "<group>"; };
		71719F9E1E33DC2100824A3D /* Base */ = {isa = PBXFileReference; lastKnownFileType = file.storyboard; name = Base; path = Base.lproj/LaunchScreen.storyboard; sourceTree = "<group>"; };
		873B8AEA1B1F5CCA007FD442 /* Main.storyboard */ = {isa = PBXFileReference; fileEncoding = 4; lastKnownFileType = file.storyboard; name = Main.storyboard; path = Base.lproj/Main.storyboard; sourceTree = "<group>"; };
		DB82E5B9B0C14A6C085BB2E9 /* Pods_ChineseGirl_Tests.framework */ = {isa = PBXFileReference; explicitFileType = wrapper.framework; includeInIndex = 0; path = Pods_ChineseGirl_Tests.framework; sourceTree = BUILT_PRODUCTS_DIR; };
		E504AB6C1F507C0100E1F48C /* MBProgressHUD+Add.h */ = {isa = PBXFileReference; fileEncoding = 4; lastKnownFileType = sourcecode.c.h; path = "MBProgressHUD+Add.h"; sourceTree = "<group>"; };
		E504AB6D1F507C0100E1F48C /* MBProgressHUD+Add.m */ = {isa = PBXFileReference; fileEncoding = 4; lastKnownFileType = sourcecode.c.objc; path = "MBProgressHUD+Add.m"; sourceTree = "<group>"; };
		E504AB6E1F507C0100E1F48C /* MBProgressHUD.bundle */ = {isa = PBXFileReference; lastKnownFileType = "wrapper.plug-in"; path = MBProgressHUD.bundle; sourceTree = "<group>"; };
		E504AB6F1F507C0100E1F48C /* MBProgressHUD.h */ = {isa = PBXFileReference; fileEncoding = 4; lastKnownFileType = sourcecode.c.h; path = MBProgressHUD.h; sourceTree = "<group>"; };
		E504AB701F507C0100E1F48C /* MBProgressHUD.m */ = {isa = PBXFileReference; fileEncoding = 4; lastKnownFileType = sourcecode.c.objc; path = MBProgressHUD.m; sourceTree = "<group>"; };
		E504AB721F507C0100E1F48C /* MJPhoto.h */ = {isa = PBXFileReference; fileEncoding = 4; lastKnownFileType = sourcecode.c.h; path = MJPhoto.h; sourceTree = "<group>"; };
		E504AB731F507C0100E1F48C /* MJPhoto.m */ = {isa = PBXFileReference; fileEncoding = 4; lastKnownFileType = sourcecode.c.objc; path = MJPhoto.m; sourceTree = "<group>"; };
		E504AB741F507C0100E1F48C /* MJPhotoBrowser.bundle */ = {isa = PBXFileReference; lastKnownFileType = "wrapper.plug-in"; path = MJPhotoBrowser.bundle; sourceTree = "<group>"; };
		E504AB751F507C0100E1F48C /* MJPhotoBrowser.h */ = {isa = PBXFileReference; fileEncoding = 4; lastKnownFileType = sourcecode.c.h; path = MJPhotoBrowser.h; sourceTree = "<group>"; };
		E504AB761F507C0100E1F48C /* MJPhotoBrowser.m */ = {isa = PBXFileReference; fileEncoding = 4; lastKnownFileType = sourcecode.c.objc; path = MJPhotoBrowser.m; sourceTree = "<group>"; };
		E504AB771F507C0100E1F48C /* MJPhotoLoadingView.h */ = {isa = PBXFileReference; fileEncoding = 4; lastKnownFileType = sourcecode.c.h; path = MJPhotoLoadingView.h; sourceTree = "<group>"; };
		E504AB781F507C0100E1F48C /* MJPhotoLoadingView.m */ = {isa = PBXFileReference; fileEncoding = 4; lastKnownFileType = sourcecode.c.objc; path = MJPhotoLoadingView.m; sourceTree = "<group>"; };
		E504AB791F507C0100E1F48C /* MJPhotoProgressView.h */ = {isa = PBXFileReference; fileEncoding = 4; lastKnownFileType = sourcecode.c.h; path = MJPhotoProgressView.h; sourceTree = "<group>"; };
		E504AB7A1F507C0100E1F48C /* MJPhotoProgressView.m */ = {isa = PBXFileReference; fileEncoding = 4; lastKnownFileType = sourcecode.c.objc; path = MJPhotoProgressView.m; sourceTree = "<group>"; };
		E504AB7B1F507C0100E1F48C /* MJPhotoToolbar.h */ = {isa = PBXFileReference; fileEncoding = 4; lastKnownFileType = sourcecode.c.h; path = MJPhotoToolbar.h; sourceTree = "<group>"; };
		E504AB7C1F507C0100E1F48C /* MJPhotoToolbar.m */ = {isa = PBXFileReference; fileEncoding = 4; lastKnownFileType = sourcecode.c.objc; path = MJPhotoToolbar.m; sourceTree = "<group>"; };
		E504AB7D1F507C0100E1F48C /* MJPhotoView.h */ = {isa = PBXFileReference; fileEncoding = 4; lastKnownFileType = sourcecode.c.h; path = MJPhotoView.h; sourceTree = "<group>"; };
		E504AB7E1F507C0100E1F48C /* MJPhotoView.m */ = {isa = PBXFileReference; fileEncoding = 4; lastKnownFileType = sourcecode.c.objc; path = MJPhotoView.m; sourceTree = "<group>"; };
		E504AB991F507C3B00E1F48C /* UIImageView+MJWebCache.h */ = {isa = PBXFileReference; fileEncoding = 4; lastKnownFileType = sourcecode.c.h; path = "UIImageView+MJWebCache.h"; sourceTree = "<group>"; };
		E504AB9A1F507C3B00E1F48C /* UIImageView+MJWebCache.m */ = {isa = PBXFileReference; fileEncoding = 4; lastKnownFileType = sourcecode.c.objc; path = "UIImageView+MJWebCache.m"; sourceTree = "<group>"; };
		E508B1B51F714C750048C378 /* CGBottleTextView.h */ = {isa = PBXFileReference; fileEncoding = 4; lastKnownFileType = sourcecode.c.h; path = CGBottleTextView.h; sourceTree = "<group>"; };
		E508B1B61F714C750048C378 /* CGBottleTextView.m */ = {isa = PBXFileReference; fileEncoding = 4; lastKnownFileType = sourcecode.c.objc; path = CGBottleTextView.m; sourceTree = "<group>"; };
		E511CB151FB00013006BA362 /* en */ = {isa = PBXFileReference; lastKnownFileType = text.plist.strings; name = en; path = en.lproj/InfoPlist.strings; sourceTree = "<group>"; };
		E511CB171FB0001C006BA362 /* Base */ = {isa = PBXFileReference; lastKnownFileType = text.plist.strings; name = Base; path = Base.lproj/InfoPlist.strings; sourceTree = "<group>"; };
		E511CB181FB001B0006BA362 /* ja */ = {isa = PBXFileReference; lastKnownFileType = text.plist.strings; name = ja; path = ja.lproj/LaunchScreen.strings; sourceTree = "<group>"; };
		E511CB191FB001B0006BA362 /* ja */ = {isa = PBXFileReference; lastKnownFileType = text.plist.strings; name = ja; path = ja.lproj/InfoPlist.strings; sourceTree = "<group>"; };
		E511CB1A1FB001B0006BA362 /* ja */ = {isa = PBXFileReference; lastKnownFileType = text.plist.strings; name = ja; path = ja.lproj/InfoPlist.strings; sourceTree = "<group>"; };
		E511CB1B1FB001CB006BA362 /* ko */ = {isa = PBXFileReference; lastKnownFileType = text.plist.strings; name = ko; path = ko.lproj/LaunchScreen.strings; sourceTree = "<group>"; };
		E511CB1C1FB001CC006BA362 /* ko */ = {isa = PBXFileReference; lastKnownFileType = text.plist.strings; name = ko; path = ko.lproj/InfoPlist.strings; sourceTree = "<group>"; };
		E511CB1D1FB001CC006BA362 /* ko */ = {isa = PBXFileReference; lastKnownFileType = text.plist.strings; name = ko; path = ko.lproj/InfoPlist.strings; sourceTree = "<group>"; };
		E511CB251FB005EF006BA362 /* en */ = {isa = PBXFileReference; lastKnownFileType = text.plist.strings; name = en; path = en.lproj/Localizable.strings; sourceTree = "<group>"; };
		E511CB271FB005FC006BA362 /* Base */ = {isa = PBXFileReference; lastKnownFileType = text.plist.strings; name = Base; path = Base.lproj/Localizable.strings; sourceTree = "<group>"; };
		E511CB281FB005FD006BA362 /* ja */ = {isa = PBXFileReference; lastKnownFileType = text.plist.strings; name = ja; path = ja.lproj/Localizable.strings; sourceTree = "<group>"; };
		E511CB291FB005FF006BA362 /* ko */ = {isa = PBXFileReference; lastKnownFileType = text.plist.strings; name = ko; path = ko.lproj/Localizable.strings; sourceTree = "<group>"; };
		E511CB381FB05C3C006BA362 /* zh-Hans */ = {isa = PBXFileReference; lastKnownFileType = text.plist.strings; name = "zh-Hans"; path = "zh-Hans.lproj/LaunchScreen.strings"; sourceTree = "<group>"; };
		E511CB391FB05C3C006BA362 /* zh-Hans */ = {isa = PBXFileReference; lastKnownFileType = text.plist.strings; name = "zh-Hans"; path = "zh-Hans.lproj/Localizable.strings"; sourceTree = "<group>"; };
		E511CB3A1FB05C46006BA362 /* zh-Hant */ = {isa = PBXFileReference; lastKnownFileType = text.plist.strings; name = "zh-Hant"; path = "zh-Hant.lproj/LaunchScreen.strings"; sourceTree = "<group>"; };
		E511CB3B1FB05C46006BA362 /* zh-Hant */ = {isa = PBXFileReference; lastKnownFileType = text.plist.strings; name = "zh-Hant"; path = "zh-Hant.lproj/Localizable.strings"; sourceTree = "<group>"; };
		E511CB3C1FB05C53006BA362 /* zh-Hans */ = {isa = PBXFileReference; lastKnownFileType = text.plist.strings; name = "zh-Hans"; path = "zh-Hans.lproj/InfoPlist.strings"; sourceTree = "<group>"; };
		E511CB3D1FB05C57006BA362 /* zh-Hant */ = {isa = PBXFileReference; lastKnownFileType = text.plist.strings; name = "zh-Hant"; path = "zh-Hant.lproj/InfoPlist.strings"; sourceTree = "<group>"; };
		E51ED2DA1F5FFFEC0080BBA1 /* NewsContentTableViewCell.h */ = {isa = PBXFileReference; fileEncoding = 4; lastKnownFileType = sourcecode.c.h; path = NewsContentTableViewCell.h; sourceTree = "<group>"; };
		E51ED2DB1F5FFFEC0080BBA1 /* NewsContentTableViewCell.m */ = {isa = PBXFileReference; fileEncoding = 4; lastKnownFileType = sourcecode.c.objc; path = NewsContentTableViewCell.m; sourceTree = "<group>"; };
		E51ED2DD1F6000130080BBA1 /* NewsContentModel.h */ = {isa = PBXFileReference; fileEncoding = 4; lastKnownFileType = sourcecode.c.h; path = NewsContentModel.h; sourceTree = "<group>"; };
		E51ED2DE1F6000130080BBA1 /* NewsContentModel.m */ = {isa = PBXFileReference; fileEncoding = 4; lastKnownFileType = sourcecode.c.objc; path = NewsContentModel.m; sourceTree = "<group>"; };
		E5260ED81F69698E001824F1 /* CGPickBottleContentView.h */ = {isa = PBXFileReference; fileEncoding = 4; lastKnownFileType = sourcecode.c.h; path = CGPickBottleContentView.h; sourceTree = "<group>"; };
		E5260ED91F69698E001824F1 /* CGPickBottleContentView.m */ = {isa = PBXFileReference; fileEncoding = 4; lastKnownFileType = sourcecode.c.objc; path = CGPickBottleContentView.m; sourceTree = "<group>"; };
		E534E1BD1FBBDF9A00F4962E /* CGFriendsViewcontroller.h */ = {isa = PBXFileReference; fileEncoding = 4; lastKnownFileType = sourcecode.c.h; path = CGFriendsViewcontroller.h; sourceTree = "<group>"; };
		E534E1BE1FBBDF9A00F4962E /* CGFriendsViewcontroller.m */ = {isa = PBXFileReference; fileEncoding = 4; lastKnownFileType = sourcecode.c.objc; path = CGFriendsViewcontroller.m; sourceTree = "<group>"; };
		E534E1C01FBBDF9A00F4962E /* NSString+PinYin.h */ = {isa = PBXFileReference; fileEncoding = 4; lastKnownFileType = sourcecode.c.h; path = "NSString+PinYin.h"; sourceTree = "<group>"; };
		E534E1C11FBBDF9A00F4962E /* NSString+PinYin.m */ = {isa = PBXFileReference; fileEncoding = 4; lastKnownFileType = sourcecode.c.objc; path = "NSString+PinYin.m"; sourceTree = "<group>"; };
		E53503AF1F9C721900E1D8C5 /* MyCommitSViewController.h */ = {isa = PBXFileReference; fileEncoding = 4; lastKnownFileType = sourcecode.c.h; path = MyCommitSViewController.h; sourceTree = "<group>"; };
		E53503B01F9C721900E1D8C5 /* MyCommitSViewController.m */ = {isa = PBXFileReference; fileEncoding = 4; lastKnownFileType = sourcecode.c.objc; path = MyCommitSViewController.m; sourceTree = "<group>"; };
		E538D73C1F429ACC0079AE94 /* AFHTTPSessionManager.h */ = {isa = PBXFileReference; fileEncoding = 4; lastKnownFileType = sourcecode.c.h; path = AFHTTPSessionManager.h; sourceTree = "<group>"; };
		E538D73D1F429ACC0079AE94 /* AFHTTPSessionManager.m */ = {isa = PBXFileReference; fileEncoding = 4; lastKnownFileType = sourcecode.c.objc; path = AFHTTPSessionManager.m; sourceTree = "<group>"; };
		E538D73E1F429ACC0079AE94 /* AFNetworking.h */ = {isa = PBXFileReference; fileEncoding = 4; lastKnownFileType = sourcecode.c.h; path = AFNetworking.h; sourceTree = "<group>"; };
		E538D73F1F429ACC0079AE94 /* AFNetworkReachabilityManager.h */ = {isa = PBXFileReference; fileEncoding = 4; lastKnownFileType = sourcecode.c.h; path = AFNetworkReachabilityManager.h; sourceTree = "<group>"; };
		E538D7401F429ACC0079AE94 /* AFNetworkReachabilityManager.m */ = {isa = PBXFileReference; fileEncoding = 4; lastKnownFileType = sourcecode.c.objc; path = AFNetworkReachabilityManager.m; sourceTree = "<group>"; };
		E538D7411F429ACC0079AE94 /* AFSecurityPolicy.h */ = {isa = PBXFileReference; fileEncoding = 4; lastKnownFileType = sourcecode.c.h; path = AFSecurityPolicy.h; sourceTree = "<group>"; };
		E538D7421F429ACC0079AE94 /* AFSecurityPolicy.m */ = {isa = PBXFileReference; fileEncoding = 4; lastKnownFileType = sourcecode.c.objc; path = AFSecurityPolicy.m; sourceTree = "<group>"; };
		E538D7431F429ACC0079AE94 /* AFURLRequestSerialization.h */ = {isa = PBXFileReference; fileEncoding = 4; lastKnownFileType = sourcecode.c.h; path = AFURLRequestSerialization.h; sourceTree = "<group>"; };
		E538D7441F429ACC0079AE94 /* AFURLRequestSerialization.m */ = {isa = PBXFileReference; fileEncoding = 4; lastKnownFileType = sourcecode.c.objc; path = AFURLRequestSerialization.m; sourceTree = "<group>"; };
		E538D7451F429ACC0079AE94 /* AFURLResponseSerialization.h */ = {isa = PBXFileReference; fileEncoding = 4; lastKnownFileType = sourcecode.c.h; path = AFURLResponseSerialization.h; sourceTree = "<group>"; };
		E538D7461F429ACC0079AE94 /* AFURLResponseSerialization.m */ = {isa = PBXFileReference; fileEncoding = 4; lastKnownFileType = sourcecode.c.objc; path = AFURLResponseSerialization.m; sourceTree = "<group>"; };
		E538D7471F429ACC0079AE94 /* AFURLSessionManager.h */ = {isa = PBXFileReference; fileEncoding = 4; lastKnownFileType = sourcecode.c.h; path = AFURLSessionManager.h; sourceTree = "<group>"; };
		E538D7481F429ACC0079AE94 /* AFURLSessionManager.m */ = {isa = PBXFileReference; fileEncoding = 4; lastKnownFileType = sourcecode.c.objc; path = AFURLSessionManager.m; sourceTree = "<group>"; };
		E538D7501F429BE80079AE94 /* DriftBottleViewController.h */ = {isa = PBXFileReference; fileEncoding = 4; lastKnownFileType = sourcecode.c.h; path = DriftBottleViewController.h; sourceTree = "<group>"; };
		E538D7511F429BE80079AE94 /* DriftBottleViewController.m */ = {isa = PBXFileReference; fileEncoding = 4; lastKnownFileType = sourcecode.c.objc; path = DriftBottleViewController.m; sourceTree = "<group>"; };
		E538D7541F429BE80079AE94 /* WSCollectionCell.h */ = {isa = PBXFileReference; fileEncoding = 4; lastKnownFileType = sourcecode.c.h; path = WSCollectionCell.h; sourceTree = "<group>"; };
		E538D7551F429BE80079AE94 /* WSCollectionCell.m */ = {isa = PBXFileReference; fileEncoding = 4; lastKnownFileType = sourcecode.c.objc; path = WSCollectionCell.m; sourceTree = "<group>"; };
		E538D7561F429BE80079AE94 /* IndexViewController.h */ = {isa = PBXFileReference; fileEncoding = 4; lastKnownFileType = sourcecode.c.h; path = IndexViewController.h; sourceTree = "<group>"; };
		E538D7571F429BE80079AE94 /* IndexViewController.m */ = {isa = PBXFileReference; fileEncoding = 4; lastKnownFileType = sourcecode.c.objc; path = IndexViewController.m; sourceTree = "<group>"; };
		E538D7591F429BE80079AE94 /* CellModel.h */ = {isa = PBXFileReference; fileEncoding = 4; lastKnownFileType = sourcecode.c.h; path = CellModel.h; sourceTree = "<group>"; };
		E538D75A1F429BE80079AE94 /* CellModel.m */ = {isa = PBXFileReference; fileEncoding = 4; lastKnownFileType = sourcecode.c.objc; path = CellModel.m; sourceTree = "<group>"; };
		E538D75C1F429BE80079AE94 /* IndexCollectionView.h */ = {isa = PBXFileReference; fileEncoding = 4; lastKnownFileType = sourcecode.c.h; path = IndexCollectionView.h; sourceTree = "<group>"; };
		E538D75D1F429BE80079AE94 /* IndexCollectionView.m */ = {isa = PBXFileReference; fileEncoding = 4; lastKnownFileType = sourcecode.c.objc; path = IndexCollectionView.m; sourceTree = "<group>"; };
		E538D75E1F429BE80079AE94 /* WSLayout.h */ = {isa = PBXFileReference; fileEncoding = 4; lastKnownFileType = sourcecode.c.h; path = WSLayout.h; sourceTree = "<group>"; };
		E538D75F1F429BE80079AE94 /* WSLayout.m */ = {isa = PBXFileReference; fileEncoding = 4; lastKnownFileType = sourcecode.c.objc; path = WSLayout.m; sourceTree = "<group>"; };
		E538D7611F429BE80079AE94 /* MineViewController.h */ = {isa = PBXFileReference; fileEncoding = 4; lastKnownFileType = sourcecode.c.h; path = MineViewController.h; sourceTree = "<group>"; };
		E538D7621F429BE80079AE94 /* MineViewController.m */ = {isa = PBXFileReference; fileEncoding = 4; lastKnownFileType = sourcecode.c.objc; path = MineViewController.m; sourceTree = "<group>"; };
		E538D7641F429BE80079AE94 /* NewsViewController.h */ = {isa = PBXFileReference; fileEncoding = 4; lastKnownFileType = sourcecode.c.h; path = NewsViewController.h; sourceTree = "<group>"; };
		E538D7651F429BE80079AE94 /* NewsViewController.m */ = {isa = PBXFileReference; fileEncoding = 4; lastKnownFileType = sourcecode.c.objc; path = NewsViewController.m; sourceTree = "<group>"; };
		E538D76E1F429C060079AE94 /* UIViewController+NavigationBar.h */ = {isa = PBXFileReference; fileEncoding = 4; lastKnownFileType = sourcecode.c.h; path = "UIViewController+NavigationBar.h"; sourceTree = "<group>"; };
		E538D76F1F429C060079AE94 /* UIViewController+NavigationBar.m */ = {isa = PBXFileReference; fileEncoding = 4; lastKnownFileType = sourcecode.c.objc; path = "UIViewController+NavigationBar.m"; sourceTree = "<group>"; };
		E538D7731F429D7E0079AE94 /* Macro.h */ = {isa = PBXFileReference; fileEncoding = 4; lastKnownFileType = sourcecode.c.h; path = Macro.h; sourceTree = "<group>"; };
		E53C9D631F55871F0069D663 /* NewsMessageController.h */ = {isa = PBXFileReference; fileEncoding = 4; lastKnownFileType = sourcecode.c.h; path = NewsMessageController.h; sourceTree = "<group>"; };
		E53C9D641F55871F0069D663 /* NewsMessageController.m */ = {isa = PBXFileReference; fileEncoding = 4; lastKnownFileType = sourcecode.c.objc; path = NewsMessageController.m; sourceTree = "<group>"; };
		E53C9D661F558AAA0069D663 /* NewsInfoModel.h */ = {isa = PBXFileReference; fileEncoding = 4; lastKnownFileType = sourcecode.c.h; path = NewsInfoModel.h; sourceTree = "<group>"; };
		E53C9D671F558AAA0069D663 /* NewsInfoModel.m */ = {isa = PBXFileReference; fileEncoding = 4; lastKnownFileType = sourcecode.c.objc; path = NewsInfoModel.m; sourceTree = "<group>"; };
		E53C9D691F558B700069D663 /* NewsInfoCellTableViewCell.h */ = {isa = PBXFileReference; fileEncoding = 4; lastKnownFileType = sourcecode.c.h; path = NewsInfoCellTableViewCell.h; sourceTree = "<group>"; };
		E53C9D6A1F558B700069D663 /* NewsInfoCellTableViewCell.m */ = {isa = PBXFileReference; fileEncoding = 4; lastKnownFileType = sourcecode.c.objc; path = NewsInfoCellTableViewCell.m; sourceTree = "<group>"; };
		E53CD2E21F4F15B600CF913D /* MyIndexModel.h */ = {isa = PBXFileReference; fileEncoding = 4; lastKnownFileType = sourcecode.c.h; path = MyIndexModel.h; sourceTree = "<group>"; };
		E53CD2E31F4F15B600CF913D /* MyIndexModel.m */ = {isa = PBXFileReference; fileEncoding = 4; lastKnownFileType = sourcecode.c.objc; path = MyIndexModel.m; sourceTree = "<group>"; };
		E53CD2E51F4F17DC00CF913D /* MyIndexCell.m */ = {isa = PBXFileReference; fileEncoding = 4; lastKnownFileType = sourcecode.c.objc; path = MyIndexCell.m; sourceTree = "<group>"; };
		E53CD2E61F4F17DC00CF913D /* MyIndexCell.h */ = {isa = PBXFileReference; fileEncoding = 4; lastKnownFileType = sourcecode.c.h; path = MyIndexCell.h; sourceTree = "<group>"; };
		E54FAA581F5A9E71006C65AF /* MyCommitHeaderView.h */ = {isa = PBXFileReference; fileEncoding = 4; lastKnownFileType = sourcecode.c.h; path = MyCommitHeaderView.h; sourceTree = "<group>"; };
		E54FAA591F5A9E71006C65AF /* MyCommitHeaderView.m */ = {isa = PBXFileReference; fileEncoding = 4; lastKnownFileType = sourcecode.c.objc; path = MyCommitHeaderView.m; sourceTree = "<group>"; };
		E54FAA5B1F5A9F52006C65AF /* MycommitModel.h */ = {isa = PBXFileReference; fileEncoding = 4; lastKnownFileType = sourcecode.c.h; path = MycommitModel.h; sourceTree = "<group>"; };
		E54FAA5C1F5A9F52006C65AF /* MycommitModel.m */ = {isa = PBXFileReference; fileEncoding = 4; lastKnownFileType = sourcecode.c.objc; path = MycommitModel.m; sourceTree = "<group>"; };
		E54FAA5E1F5AA90A006C65AF /* myCommitCell.h */ = {isa = PBXFileReference; fileEncoding = 4; lastKnownFileType = sourcecode.c.h; path = myCommitCell.h; sourceTree = "<group>"; };
		E54FAA5F1F5AA90A006C65AF /* myCommitCell.m */ = {isa = PBXFileReference; fileEncoding = 4; lastKnownFileType = sourcecode.c.objc; path = myCommitCell.m; sourceTree = "<group>"; };
		E55DF4BB1FBB2F2600E5215E /* CGLocationTableViewCell.h */ = {isa = PBXFileReference; lastKnownFileType = sourcecode.c.h; path = CGLocationTableViewCell.h; sourceTree = "<group>"; };
		E55DF4BC1FBB2F2600E5215E /* CGLocationTableViewCell.m */ = {isa = PBXFileReference; lastKnownFileType = sourcecode.c.objc; path = CGLocationTableViewCell.m; sourceTree = "<group>"; };
		E55DF4BE1FBB315100E5215E /* CoreLocation.framework */ = {isa = PBXFileReference; lastKnownFileType = wrapper.framework; name = CoreLocation.framework; path = System/Library/Frameworks/CoreLocation.framework; sourceTree = SDKROOT; };
		E568260E1F9E275A0099F363 /* MineProfileInfoViewController.h */ = {isa = PBXFileReference; fileEncoding = 4; lastKnownFileType = sourcecode.c.h; path = MineProfileInfoViewController.h; sourceTree = "<group>"; };
		E568260F1F9E275A0099F363 /* MineProfileInfoViewController.m */ = {isa = PBXFileReference; fileEncoding = 4; lastKnownFileType = sourcecode.c.objc; path = MineProfileInfoViewController.m; sourceTree = "<group>"; };
		E56826111F9E31130099F363 /* MineAccountViewController.h */ = {isa = PBXFileReference; fileEncoding = 4; lastKnownFileType = sourcecode.c.h; path = MineAccountViewController.h; sourceTree = "<group>"; };
		E56826121F9E31130099F363 /* MineAccountViewController.m */ = {isa = PBXFileReference; fileEncoding = 4; lastKnownFileType = sourcecode.c.objc; path = MineAccountViewController.m; sourceTree = "<group>"; };
		E56826141F9E32600099F363 /* MinePasswordViewController.h */ = {isa = PBXFileReference; fileEncoding = 4; lastKnownFileType = sourcecode.c.h; path = MinePasswordViewController.h; sourceTree = "<group>"; };
		E56826151F9E32600099F363 /* MinePasswordViewController.m */ = {isa = PBXFileReference; fileEncoding = 4; lastKnownFileType = sourcecode.c.objc; path = MinePasswordViewController.m; sourceTree = "<group>"; };
		E581D53C1F66987A00FD9A28 /* ShapedImageView.h */ = {isa = PBXFileReference; fileEncoding = 4; lastKnownFileType = sourcecode.c.h; path = ShapedImageView.h; sourceTree = "<group>"; };
		E581D53D1F66987A00FD9A28 /* ShapedImageView.m */ = {isa = PBXFileReference; fileEncoding = 4; lastKnownFileType = sourcecode.c.objc; path = ShapedImageView.m; sourceTree = "<group>"; };
		E5944BFC1FB9757500013F78 /* CGGetCityPlist.h */ = {isa = PBXFileReference; fileEncoding = 4; lastKnownFileType = sourcecode.c.h; path = CGGetCityPlist.h; sourceTree = "<group>"; };
		E5944BFD1FB9757600013F78 /* CGGetCityPlist.m */ = {isa = PBXFileReference; fileEncoding = 4; lastKnownFileType = sourcecode.c.objc; path = CGGetCityPlist.m; sourceTree = "<group>"; };
		E5944BFE1FB9757600013F78 /* city.txt */ = {isa = PBXFileReference; fileEncoding = 4; lastKnownFileType = text; path = city.txt; sourceTree = "<group>"; };
		E5944C011FB975D300013F78 /* UICountryViewController.h */ = {isa = PBXFileReference; fileEncoding = 4; lastKnownFileType = sourcecode.c.h; path = UICountryViewController.h; sourceTree = "<group>"; };
		E5944C021FB975D300013F78 /* UICountryViewController.m */ = {isa = PBXFileReference; fileEncoding = 4; lastKnownFileType = sourcecode.c.objc; path = UICountryViewController.m; sourceTree = "<group>"; };
		E5944C041FB975FC00013F78 /* UICitySViewController.h */ = {isa = PBXFileReference; fileEncoding = 4; lastKnownFileType = sourcecode.c.h; path = UICitySViewController.h; sourceTree = "<group>"; };
		E5944C051FB975FC00013F78 /* UICitySViewController.m */ = {isa = PBXFileReference; fileEncoding = 4; lastKnownFileType = sourcecode.c.objc; path = UICitySViewController.m; sourceTree = "<group>"; };
		E59F2EA61F511DB600A238CE /* myHeaderViewCell.h */ = {isa = PBXFileReference; fileEncoding = 4; lastKnownFileType = sourcecode.c.h; path = myHeaderViewCell.h; sourceTree = "<group>"; };
		E59F2EA71F511DB600A238CE /* myHeaderViewCell.m */ = {isa = PBXFileReference; fileEncoding = 4; lastKnownFileType = sourcecode.c.objc; path = myHeaderViewCell.m; sourceTree = "<group>"; };
		E5A513B41F60328100B4AC1F /* NewsContentCustomLabel.h */ = {isa = PBXFileReference; fileEncoding = 4; lastKnownFileType = sourcecode.c.h; path = NewsContentCustomLabel.h; sourceTree = "<group>"; };
		E5A513B51F60328100B4AC1F /* NewsContentCustomLabel.m */ = {isa = PBXFileReference; fileEncoding = 4; lastKnownFileType = sourcecode.c.objc; path = NewsContentCustomLabel.m; sourceTree = "<group>"; };
		E5B0A1441F62827A00FD6476 /* CGForgetPasswordViewController.h */ = {isa = PBXFileReference; fileEncoding = 4; lastKnownFileType = sourcecode.c.h; path = CGForgetPasswordViewController.h; sourceTree = "<group>"; };
		E5B0A1451F62827A00FD6476 /* CGForgetPasswordViewController.m */ = {isa = PBXFileReference; fileEncoding = 4; lastKnownFileType = sourcecode.c.objc; path = CGForgetPasswordViewController.m; sourceTree = "<group>"; };
		E5B174ED1F9CAA180055E16A /* CGSingleCommitData.h */ = {isa = PBXFileReference; fileEncoding = 4; lastKnownFileType = sourcecode.c.h; path = CGSingleCommitData.h; sourceTree = "<group>"; };
		E5B174EE1F9CAA180055E16A /* CGSingleCommitData.m */ = {isa = PBXFileReference; fileEncoding = 4; lastKnownFileType = sourcecode.c.objc; path = CGSingleCommitData.m; sourceTree = "<group>"; };
		E5C011A21F526D57003FB906 /* NewsBottomMessage.h */ = {isa = PBXFileReference; fileEncoding = 4; lastKnownFileType = sourcecode.c.h; path = NewsBottomMessage.h; sourceTree = "<group>"; };
		E5C011A31F526D57003FB906 /* NewsBottomMessage.m */ = {isa = PBXFileReference; fileEncoding = 4; lastKnownFileType = sourcecode.c.objc; path = NewsBottomMessage.m; sourceTree = "<group>"; };
		E5C011BD1F52771F003FB906 /* UIMessageCustom.h */ = {isa = PBXFileReference; fileEncoding = 4; lastKnownFileType = sourcecode.c.h; path = UIMessageCustom.h; sourceTree = "<group>"; };
		E5C011BE1F52771F003FB906 /* UIMessageCustom.m */ = {isa = PBXFileReference; fileEncoding = 4; lastKnownFileType = sourcecode.c.objc; path = UIMessageCustom.m; sourceTree = "<group>"; };
		E5C0CD651FB80BEB002394C9 /* pinglunren.plist */ = {isa = PBXFileReference; fileEncoding = 4; lastKnownFileType = text.plist.xml; path = pinglunren.plist; sourceTree = "<group>"; };
		E5C0CD661FB80BEB002394C9 /* pinglun.plist */ = {isa = PBXFileReference; fileEncoding = 4; lastKnownFileType = text.plist.xml; path = pinglun.plist; sourceTree = "<group>"; };
		E5C0CD6E1FB80C35002394C9 /* CGPinglunModel.h */ = {isa = PBXFileReference; lastKnownFileType = sourcecode.c.h; path = CGPinglunModel.h; sourceTree = "<group>"; };
		E5C0CD6F1FB80C35002394C9 /* CGPinglunModel.m */ = {isa = PBXFileReference; lastKnownFileType = sourcecode.c.objc; path = CGPinglunModel.m; sourceTree = "<group>"; };
		E5C0CD711FB80EAB002394C9 /* CGPinglunren.h */ = {isa = PBXFileReference; lastKnownFileType = sourcecode.c.h; path = CGPinglunren.h; sourceTree = "<group>"; };
		E5C0CD721FB80EAB002394C9 /* CGPinglunren.m */ = {isa = PBXFileReference; lastKnownFileType = sourcecode.c.objc; path = CGPinglunren.m; sourceTree = "<group>"; };
		E5C0CD741FB80F2D002394C9 /* CGShuoShuo.h */ = {isa = PBXFileReference; lastKnownFileType = sourcecode.c.h; path = CGShuoShuo.h; sourceTree = "<group>"; };
		E5C0CD751FB80F2D002394C9 /* CGShuoShuo.m */ = {isa = PBXFileReference; lastKnownFileType = sourcecode.c.objc; path = CGShuoShuo.m; sourceTree = "<group>"; };
		E5C0CD771FB80FCB002394C9 /* CGUserInfo.h */ = {isa = PBXFileReference; lastKnownFileType = sourcecode.c.h; path = CGUserInfo.h; sourceTree = "<group>"; };
		E5C0CD781FB80FCB002394C9 /* CGUserInfo.m */ = {isa = PBXFileReference; lastKnownFileType = sourcecode.c.objc; path = CGUserInfo.m; sourceTree = "<group>"; };
		E5C0CD7F1FB81F20002394C9 /* CGIndexModel.h */ = {isa = PBXFileReference; lastKnownFileType = sourcecode.c.h; path = CGIndexModel.h; sourceTree = "<group>"; };
		E5C0CD801FB81F20002394C9 /* CGIndexModel.m */ = {isa = PBXFileReference; lastKnownFileType = sourcecode.c.objc; path = CGIndexModel.m; sourceTree = "<group>"; };
		E5C0CD821FB81F8B002394C9 /* index.plist */ = {isa = PBXFileReference; fileEncoding = 4; lastKnownFileType = text.plist.xml; path = index.plist; sourceTree = "<group>"; };
		E5C0CD881FB8349F002394C9 /* userInfo.plist */ = {isa = PBXFileReference; fileEncoding = 4; lastKnownFileType = text.plist.xml; path = userInfo.plist; sourceTree = "<group>"; };
		E5C0CD8A1FB83EF5002394C9 /* CGPinglun.h */ = {isa = PBXFileReference; lastKnownFileType = sourcecode.c.h; path = CGPinglun.h; sourceTree = "<group>"; };
		E5C0CD8B1FB83EF5002394C9 /* CGPinglun.m */ = {isa = PBXFileReference; lastKnownFileType = sourcecode.c.objc; path = CGPinglun.m; sourceTree = "<group>"; };
		E5C0CD8D1FB841B7002394C9 /* shuoshuo.plist */ = {isa = PBXFileReference; fileEncoding = 4; lastKnownFileType = text.plist.xml; path = shuoshuo.plist; sourceTree = "<group>"; };
		E5C960801F93132C00EB654A /* WSCollectionHeaderCell.h */ = {isa = PBXFileReference; fileEncoding = 4; lastKnownFileType = sourcecode.c.h; path = WSCollectionHeaderCell.h; sourceTree = "<group>"; };
		E5C960811F93132C00EB654A /* WSCollectionHeaderCell.m */ = {isa = PBXFileReference; fileEncoding = 4; lastKnownFileType = sourcecode.c.objc; path = WSCollectionHeaderCell.m; sourceTree = "<group>"; };
		E5C960851F93507500EB654A /* MySettingTableViewCell.h */ = {isa = PBXFileReference; fileEncoding = 4; lastKnownFileType = sourcecode.c.h; path = MySettingTableViewCell.h; sourceTree = "<group>"; };
		E5C960861F93507500EB654A /* MySettingTableViewCell.m */ = {isa = PBXFileReference; fileEncoding = 4; lastKnownFileType = sourcecode.c.objc; path = MySettingTableViewCell.m; sourceTree = "<group>"; };
		E5C9608C1F935F8900EB654A /* MineSettingTextView.h */ = {isa = PBXFileReference; fileEncoding = 4; lastKnownFileType = sourcecode.c.h; path = MineSettingTextView.h; sourceTree = "<group>"; };
		E5C9608D1F935F8900EB654A /* MineSettingTextView.m */ = {isa = PBXFileReference; fileEncoding = 4; lastKnownFileType = sourcecode.c.objc; path = MineSettingTextView.m; sourceTree = "<group>"; };
		E5C9608F1F93622700EB654A /* MineSettingTextViewController.h */ = {isa = PBXFileReference; fileEncoding = 4; lastKnownFileType = sourcecode.c.h; path = MineSettingTextViewController.h; sourceTree = "<group>"; };
		E5C960901F93622700EB654A /* MineSettingTextViewController.m */ = {isa = PBXFileReference; fileEncoding = 4; lastKnownFileType = sourcecode.c.objc; path = MineSettingTextViewController.m; sourceTree = "<group>"; };
		E5D04A4C1F68097A00844B2F /* icon_bubble_left.png */ = {isa = PBXFileReference; lastKnownFileType = image.png; path = icon_bubble_left.png; sourceTree = "<group>"; };
		E5D04A4E1F68099600844B2F /* icon_bubble_right.png */ = {isa = PBXFileReference; lastKnownFileType = image.png; path = icon_bubble_right.png; sourceTree = "<group>"; };
		E5D9F02F1FB2E2D200DAEB7A /* TWCity.plist */ = {isa = PBXFileReference; fileEncoding = 4; lastKnownFileType = text.plist.xml; path = TWCity.plist; sourceTree = "<group>"; };
		E5D9F0301FB2E2D300DAEB7A /* CNCity.plist */ = {isa = PBXFileReference; fileEncoding = 4; lastKnownFileType = text.plist.xml; path = CNCity.plist; sourceTree = "<group>"; };
		E5D9F0311FB2E2D400DAEB7A /* ENCity.plist */ = {isa = PBXFileReference; fileEncoding = 4; lastKnownFileType = text.plist.xml; path = ENCity.plist; sourceTree = "<group>"; };
		E5E0FE351F9AF15700B5228E /* CityData.plist */ = {isa = PBXFileReference; fileEncoding = 4; lastKnownFileType = text.plist.xml; path = CityData.plist; sourceTree = "<group>"; };
		E5E0FE361F9AF15700B5228E /* NicknameViewController.h */ = {isa = PBXFileReference; fileEncoding = 4; lastKnownFileType = sourcecode.c.h; path = NicknameViewController.h; sourceTree = "<group>"; };
		E5E0FE371F9AF15700B5228E /* NicknameViewController.m */ = {isa = PBXFileReference; fileEncoding = 4; lastKnownFileType = sourcecode.c.objc; path = NicknameViewController.m; sourceTree = "<group>"; };
		E5E0FE381F9AF15700B5228E /* SignatureViewController.h */ = {isa = PBXFileReference; fileEncoding = 4; lastKnownFileType = sourcecode.c.h; path = SignatureViewController.h; sourceTree = "<group>"; };
		E5E0FE391F9AF15700B5228E /* SignatureViewController.m */ = {isa = PBXFileReference; fileEncoding = 4; lastKnownFileType = sourcecode.c.objc; path = SignatureViewController.m; sourceTree = "<group>"; };
		E5E0FE3A1F9AF15700B5228E /* WYBirthdayPickerView.h */ = {isa = PBXFileReference; fileEncoding = 4; lastKnownFileType = sourcecode.c.h; path = WYBirthdayPickerView.h; sourceTree = "<group>"; };
		E5E0FE3B1F9AF15700B5228E /* WYBirthdayPickerView.m */ = {isa = PBXFileReference; fileEncoding = 4; lastKnownFileType = sourcecode.c.objc; path = WYBirthdayPickerView.m; sourceTree = "<group>"; };
		E5E0FE3C1F9AF15700B5228E /* WYCityPickerView.h */ = {isa = PBXFileReference; fileEncoding = 4; lastKnownFileType = sourcecode.c.h; path = WYCityPickerView.h; sourceTree = "<group>"; };
		E5E0FE3D1F9AF15700B5228E /* WYCityPickerView.m */ = {isa = PBXFileReference; fileEncoding = 4; lastKnownFileType = sourcecode.c.objc; path = WYCityPickerView.m; sourceTree = "<group>"; };
		E5E0FE3E1F9AF15700B5228E /* WYGenderPickerView.h */ = {isa = PBXFileReference; fileEncoding = 4; lastKnownFileType = sourcecode.c.h; path = WYGenderPickerView.h; sourceTree = "<group>"; };
		E5E0FE3F1F9AF15700B5228E /* WYGenderPickerView.m */ = {isa = PBXFileReference; fileEncoding = 4; lastKnownFileType = sourcecode.c.objc; path = WYGenderPickerView.m; sourceTree = "<group>"; };
		E5E0FE401F9AF15700B5228E /* WYHeightPickerView.h */ = {isa = PBXFileReference; fileEncoding = 4; lastKnownFileType = sourcecode.c.h; path = WYHeightPickerView.h; sourceTree = "<group>"; };
		E5E0FE411F9AF15700B5228E /* WYHeightPickerView.m */ = {isa = PBXFileReference; fileEncoding = 4; lastKnownFileType = sourcecode.c.objc; path = WYHeightPickerView.m; sourceTree = "<group>"; };
		E5E0FE421F9AF15700B5228E /* WYLongTextInputView.h */ = {isa = PBXFileReference; fileEncoding = 4; lastKnownFileType = sourcecode.c.h; path = WYLongTextInputView.h; sourceTree = "<group>"; };
		E5E0FE431F9AF15700B5228E /* WYLongTextInputView.m */ = {isa = PBXFileReference; fileEncoding = 4; lastKnownFileType = sourcecode.c.objc; path = WYLongTextInputView.m; sourceTree = "<group>"; };
		E5E0FE441F9AF15700B5228E /* 返回@2x.png */ = {isa = PBXFileReference; lastKnownFileType = image.png; path = "返回@2x.png"; sourceTree = "<group>"; };
		E5E0FE451F9AF15700B5228E /* 返回@3x.png */ = {isa = PBXFileReference; lastKnownFileType = image.png; path = "返回@3x.png"; sourceTree = "<group>"; };
		E5E35D341F9B426600322F9D /* UICustomPickImgView.h */ = {isa = PBXFileReference; fileEncoding = 4; lastKnownFileType = sourcecode.c.h; path = UICustomPickImgView.h; sourceTree = "<group>"; };
		E5E35D351F9B426600322F9D /* UICustomPickImgView.m */ = {isa = PBXFileReference; fileEncoding = 4; lastKnownFileType = sourcecode.c.objc; path = UICustomPickImgView.m; sourceTree = "<group>"; };
		E5EFC8291F492CEB0078F856 /* MyIndexViewController.h */ = {isa = PBXFileReference; fileEncoding = 4; lastKnownFileType = sourcecode.c.h; path = MyIndexViewController.h; sourceTree = "<group>"; };
		E5EFC82A1F492CEB0078F856 /* MyIndexViewController.m */ = {isa = PBXFileReference; fileEncoding = 4; lastKnownFileType = sourcecode.c.objc; path = MyIndexViewController.m; sourceTree = "<group>"; };
		E5F0A3E81F57F7FD0051699B /* CGLoginViewController.h */ = {isa = PBXFileReference; fileEncoding = 4; lastKnownFileType = sourcecode.c.h; path = CGLoginViewController.h; sourceTree = "<group>"; };
		E5F0A3E91F57F7FD0051699B /* CGLoginViewController.m */ = {isa = PBXFileReference; fileEncoding = 4; lastKnownFileType = sourcecode.c.objc; path = CGLoginViewController.m; sourceTree = "<group>"; };
		E5F0A3ED1F57F8750051699B /* CGLoginIndexView.h */ = {isa = PBXFileReference; fileEncoding = 4; lastKnownFileType = sourcecode.c.h; path = CGLoginIndexView.h; sourceTree = "<group>"; };
		E5F0A3EE1F57F8750051699B /* CGLoginIndexView.m */ = {isa = PBXFileReference; fileEncoding = 4; lastKnownFileType = sourcecode.c.objc; path = CGLoginIndexView.m; sourceTree = "<group>"; };
		E5F0A3F01F5803860051699B /* CGLoginIndexCustomTextField.h */ = {isa = PBXFileReference; fileEncoding = 4; lastKnownFileType = sourcecode.c.h; path = CGLoginIndexCustomTextField.h; sourceTree = "<group>"; };
		E5F0A3F11F5803860051699B /* CGLoginIndexCustomTextField.m */ = {isa = PBXFileReference; fileEncoding = 4; lastKnownFileType = sourcecode.c.objc; path = CGLoginIndexCustomTextField.m; sourceTree = "<group>"; };
		E5FA64121F585ED80032D1BB /* CGRegisterIndexView.h */ = {isa = PBXFileReference; fileEncoding = 4; lastKnownFileType = sourcecode.c.h; path = CGRegisterIndexView.h; sourceTree = "<group>"; };
		E5FA64131F585ED80032D1BB /* CGRegisterIndexView.m */ = {isa = PBXFileReference; fileEncoding = 4; lastKnownFileType = sourcecode.c.objc; path = CGRegisterIndexView.m; sourceTree = "<group>"; };
		E5FA64151F5865C70032D1BB /* CGRegisterIndexViewController.h */ = {isa = PBXFileReference; fileEncoding = 4; lastKnownFileType = sourcecode.c.h; path = CGRegisterIndexViewController.h; sourceTree = "<group>"; };
		E5FA64161F5865C70032D1BB /* CGRegisterIndexViewController.m */ = {isa = PBXFileReference; fileEncoding = 4; lastKnownFileType = sourcecode.c.objc; path = CGRegisterIndexViewController.m; sourceTree = "<group>"; };
		EDE47200CF11454084840064 /* README.md */ = {isa = PBXFileReference; includeInIndex = 1; lastKnownFileType = net.daringfireball.markdown; name = README.md; path = ../README.md; sourceTree = "<group>"; };
		FBA77A7CBE9FFE2BA1642376 /* Pods-ChineseGirl_Example.debug.xcconfig */ = {isa = PBXFileReference; includeInIndex = 1; lastKnownFileType = text.xcconfig; name = "Pods-ChineseGirl_Example.debug.xcconfig"; path = "Pods/Target Support Files/Pods-ChineseGirl_Example/Pods-ChineseGirl_Example.debug.xcconfig"; sourceTree = "<group>"; };
/* End PBXFileReference section */

/* Begin PBXFrameworksBuildPhase section */
		6003F587195388D20070C39A /* Frameworks */ = {
			isa = PBXFrameworksBuildPhase;
			buildActionMask = 2147483647;
			files = (
				E55DF4BF1FBB315100E5215E /* CoreLocation.framework in Frameworks */,
				6003F590195388D20070C39A /* CoreGraphics.framework in Frameworks */,
				6003F592195388D20070C39A /* UIKit.framework in Frameworks */,
				6003F58E195388D20070C39A /* Foundation.framework in Frameworks */,
				2B1CA685CD005FD7E3DAB4B5 /* libPods-ChineseGirl_Example.a in Frameworks */,
			);
			runOnlyForDeploymentPostprocessing = 0;
		};
		6003F5AB195388D20070C39A /* Frameworks */ = {
			isa = PBXFrameworksBuildPhase;
			buildActionMask = 2147483647;
			files = (
				6003F5B0195388D20070C39A /* XCTest.framework in Frameworks */,
				6003F5B2195388D20070C39A /* UIKit.framework in Frameworks */,
				6003F5B1195388D20070C39A /* Foundation.framework in Frameworks */,
			);
			runOnlyForDeploymentPostprocessing = 0;
		};
/* End PBXFrameworksBuildPhase section */

/* Begin PBXGroup section */
		6003F581195388D10070C39A = {
			isa = PBXGroup;
			children = (
				60FF7A9C1954A5C5007DD14C /* Podspec Metadata */,
				6003F593195388D20070C39A /* Example for ChineseGirl */,
				6003F5B5195388D20070C39A /* Tests */,
				6003F58C195388D20070C39A /* Frameworks */,
				6003F58B195388D20070C39A /* Products */,
				77A5694CD819F139B06354B3 /* Pods */,
			);
			sourceTree = "<group>";
		};
		6003F58B195388D20070C39A /* Products */ = {
			isa = PBXGroup;
			children = (
				6003F58A195388D20070C39A /* ChineseGirl_Example.app */,
				6003F5AE195388D20070C39A /* ChineseGirl_Tests.xctest */,
			);
			name = Products;
			sourceTree = "<group>";
		};
		6003F58C195388D20070C39A /* Frameworks */ = {
			isa = PBXGroup;
			children = (
				E55DF4BE1FBB315100E5215E /* CoreLocation.framework */,
				6003F58D195388D20070C39A /* Foundation.framework */,
				6003F58F195388D20070C39A /* CoreGraphics.framework */,
				6003F591195388D20070C39A /* UIKit.framework */,
				6003F5AF195388D20070C39A /* XCTest.framework */,
				DB82E5B9B0C14A6C085BB2E9 /* Pods_ChineseGirl_Tests.framework */,
				4589C979392A46F34685E73D /* libPods-ChineseGirl_Example.a */,
			);
			name = Frameworks;
			sourceTree = "<group>";
		};
		6003F593195388D20070C39A /* Example for ChineseGirl */ = {
			isa = PBXGroup;
			children = (
				E5797E591FAFFEFB00867215 /* Localizable */,
				E538D7721F429D7E0079AE94 /* CommonClass */,
				E538D73A1F429ACC0079AE94 /* Third */,
				E56801671F39912800415A65 /* Class */,
				6003F59C195388D20070C39A /* CGAppDelegate.h */,
				6003F59D195388D20070C39A /* CGAppDelegate.m */,
				873B8AEA1B1F5CCA007FD442 /* Main.storyboard */,
				6003F5A5195388D20070C39A /* CGViewController.h */,
				6003F5A6195388D20070C39A /* CGViewController.m */,
				71719F9D1E33DC2100824A3D /* LaunchScreen.storyboard */,
				6003F5A8195388D20070C39A /* Images.xcassets */,
				6003F594195388D20070C39A /* Supporting Files */,
			);
			name = "Example for ChineseGirl";
			path = ChineseGirl;
			sourceTree = "<group>";
		};
		6003F594195388D20070C39A /* Supporting Files */ = {
			isa = PBXGroup;
			children = (
				E5C0CD8D1FB841B7002394C9 /* shuoshuo.plist */,
				E5C0CD821FB81F8B002394C9 /* index.plist */,
				E5C0CD881FB8349F002394C9 /* userInfo.plist */,
				E5C0CD661FB80BEB002394C9 /* pinglun.plist */,
				E5C0CD651FB80BEB002394C9 /* pinglunren.plist */,
				E5D9F0301FB2E2D300DAEB7A /* CNCity.plist */,
				E5D9F0311FB2E2D400DAEB7A /* ENCity.plist */,
				E5D9F02F1FB2E2D200DAEB7A /* TWCity.plist */,
				E5D04A4E1F68099600844B2F /* icon_bubble_right.png */,
				E5D04A4C1F68097A00844B2F /* icon_bubble_left.png */,
				6003F595195388D20070C39A /* ChineseGirl-Info.plist */,
				6003F599195388D20070C39A /* main.m */,
				6003F59B195388D20070C39A /* ChineseGirl-Prefix.pch */,
			);
			name = "Supporting Files";
			sourceTree = "<group>";
		};
		6003F5B5195388D20070C39A /* Tests */ = {
			isa = PBXGroup;
			children = (
				6003F5BB195388D20070C39A /* Tests.m */,
				6003F5B6195388D20070C39A /* Supporting Files */,
			);
			path = Tests;
			sourceTree = "<group>";
		};
		6003F5B6195388D20070C39A /* Supporting Files */ = {
			isa = PBXGroup;
			children = (
				6003F5B7195388D20070C39A /* Tests-Info.plist */,
				6003F5B8195388D20070C39A /* InfoPlist.strings */,
				606FC2411953D9B200FFA9A0 /* Tests-Prefix.pch */,
			);
			name = "Supporting Files";
			sourceTree = "<group>";
		};
		60FF7A9C1954A5C5007DD14C /* Podspec Metadata */ = {
			isa = PBXGroup;
			children = (
				528AD7C7967D905AD3551C4D /* ChineseGirl.podspec */,
				EDE47200CF11454084840064 /* README.md */,
				316E80916C6CF72CE7A385BD /* LICENSE */,
			);
			name = "Podspec Metadata";
			sourceTree = "<group>";
		};
		77A5694CD819F139B06354B3 /* Pods */ = {
			isa = PBXGroup;
			children = (
				FBA77A7CBE9FFE2BA1642376 /* Pods-ChineseGirl_Example.debug.xcconfig */,
				42FA0950B1EA4E1BB940138C /* Pods-ChineseGirl_Example.release.xcconfig */,
			);
			name = Pods;
			sourceTree = "<group>";
		};
		E504AB6B1F507C0100E1F48C /* MBProgressHUD */ = {
			isa = PBXGroup;
			children = (
				E504AB6C1F507C0100E1F48C /* MBProgressHUD+Add.h */,
				E504AB6D1F507C0100E1F48C /* MBProgressHUD+Add.m */,
				E504AB6E1F507C0100E1F48C /* MBProgressHUD.bundle */,
				E504AB6F1F507C0100E1F48C /* MBProgressHUD.h */,
				E504AB701F507C0100E1F48C /* MBProgressHUD.m */,
			);
			path = MBProgressHUD;
			sourceTree = "<group>";
		};
		E504AB711F507C0100E1F48C /* MJPhotoBrowser */ = {
			isa = PBXGroup;
			children = (
				E504AB991F507C3B00E1F48C /* UIImageView+MJWebCache.h */,
				E504AB9A1F507C3B00E1F48C /* UIImageView+MJWebCache.m */,
				E504AB721F507C0100E1F48C /* MJPhoto.h */,
				E504AB731F507C0100E1F48C /* MJPhoto.m */,
				E504AB741F507C0100E1F48C /* MJPhotoBrowser.bundle */,
				E504AB751F507C0100E1F48C /* MJPhotoBrowser.h */,
				E504AB761F507C0100E1F48C /* MJPhotoBrowser.m */,
				E504AB771F507C0100E1F48C /* MJPhotoLoadingView.h */,
				E504AB781F507C0100E1F48C /* MJPhotoLoadingView.m */,
				E504AB791F507C0100E1F48C /* MJPhotoProgressView.h */,
				E504AB7A1F507C0100E1F48C /* MJPhotoProgressView.m */,
				E504AB7B1F507C0100E1F48C /* MJPhotoToolbar.h */,
				E504AB7C1F507C0100E1F48C /* MJPhotoToolbar.m */,
				E504AB7D1F507C0100E1F48C /* MJPhotoView.h */,
				E504AB7E1F507C0100E1F48C /* MJPhotoView.m */,
			);
			path = MJPhotoBrowser;
			sourceTree = "<group>";
		};
		E5260ED71F696966001824F1 /* view */ = {
			isa = PBXGroup;
			children = (
				E5260ED81F69698E001824F1 /* CGPickBottleContentView.h */,
				E5260ED91F69698E001824F1 /* CGPickBottleContentView.m */,
				E508B1B51F714C750048C378 /* CGBottleTextView.h */,
				E508B1B61F714C750048C378 /* CGBottleTextView.m */,
			);
			path = view;
			sourceTree = "<group>";
		};
		E534E1BC1FBBDF9A00F4962E /* Friends */ = {
			isa = PBXGroup;
			children = (
				E534E1BD1FBBDF9A00F4962E /* CGFriendsViewcontroller.h */,
				E534E1BE1FBBDF9A00F4962E /* CGFriendsViewcontroller.m */,
				E534E1BF1FBBDF9A00F4962E /* NSString+PinYin */,
			);
			path = Friends;
			sourceTree = "<group>";
		};
		E534E1BF1FBBDF9A00F4962E /* NSString+PinYin */ = {
			isa = PBXGroup;
			children = (
				E534E1C01FBBDF9A00F4962E /* NSString+PinYin.h */,
				E534E1C11FBBDF9A00F4962E /* NSString+PinYin.m */,
			);
			path = "NSString+PinYin";
			sourceTree = "<group>";
		};
		E538D73A1F429ACC0079AE94 /* Third */ = {
			isa = PBXGroup;
			children = (
				E5E0FE341F9AF15700B5228E /* WYPickerViews */,
				E504AB6B1F507C0100E1F48C /* MBProgressHUD */,
				E504AB711F507C0100E1F48C /* MJPhotoBrowser */,
				E538D76E1F429C060079AE94 /* UIViewController+NavigationBar.h */,
				E538D76F1F429C060079AE94 /* UIViewController+NavigationBar.m */,
				E538D73B1F429ACC0079AE94 /* AFNetworking */,
				E5E35D341F9B426600322F9D /* UICustomPickImgView.h */,
				E5E35D351F9B426600322F9D /* UICustomPickImgView.m */,
			);
			path = Third;
			sourceTree = "<group>";
		};
		E538D73B1F429ACC0079AE94 /* AFNetworking */ = {
			isa = PBXGroup;
			children = (
				E538D73C1F429ACC0079AE94 /* AFHTTPSessionManager.h */,
				E538D73D1F429ACC0079AE94 /* AFHTTPSessionManager.m */,
				E538D73E1F429ACC0079AE94 /* AFNetworking.h */,
				E538D73F1F429ACC0079AE94 /* AFNetworkReachabilityManager.h */,
				E538D7401F429ACC0079AE94 /* AFNetworkReachabilityManager.m */,
				E538D7411F429ACC0079AE94 /* AFSecurityPolicy.h */,
				E538D7421F429ACC0079AE94 /* AFSecurityPolicy.m */,
				E538D7431F429ACC0079AE94 /* AFURLRequestSerialization.h */,
				E538D7441F429ACC0079AE94 /* AFURLRequestSerialization.m */,
				E538D7451F429ACC0079AE94 /* AFURLResponseSerialization.h */,
				E538D7461F429ACC0079AE94 /* AFURLResponseSerialization.m */,
				E538D7471F429ACC0079AE94 /* AFURLSessionManager.h */,
				E538D7481F429ACC0079AE94 /* AFURLSessionManager.m */,
			);
			path = AFNetworking;
			sourceTree = "<group>";
		};
		E538D74F1F429BE80079AE94 /* DriftBottle */ = {
			isa = PBXGroup;
			children = (
				E5260ED71F696966001824F1 /* view */,
				E538D7501F429BE80079AE94 /* DriftBottleViewController.h */,
				E538D7511F429BE80079AE94 /* DriftBottleViewController.m */,
			);
			path = DriftBottle;
			sourceTree = "<group>";
		};
		E538D7521F429BE80079AE94 /* Index */ = {
			isa = PBXGroup;
			children = (
				E538D7561F429BE80079AE94 /* IndexViewController.h */,
				E538D7571F429BE80079AE94 /* IndexViewController.m */,
				E5EFC8291F492CEB0078F856 /* MyIndexViewController.h */,
				E5EFC82A1F492CEB0078F856 /* MyIndexViewController.m */,
				E53503AF1F9C721900E1D8C5 /* MyCommitSViewController.h */,
				E53503B01F9C721900E1D8C5 /* MyCommitSViewController.m */,
				E538D7531F429BE80079AE94 /* cell */,
				E538D7581F429BE80079AE94 /* Model */,
				E538D75B1F429BE80079AE94 /* View */,
			);
			path = Index;
			sourceTree = "<group>";
		};
		E538D7531F429BE80079AE94 /* cell */ = {
			isa = PBXGroup;
			children = (
				E54FAA5E1F5AA90A006C65AF /* myCommitCell.h */,
				E54FAA5F1F5AA90A006C65AF /* myCommitCell.m */,
				E53CD2E61F4F17DC00CF913D /* MyIndexCell.h */,
				E53CD2E51F4F17DC00CF913D /* MyIndexCell.m */,
				E538D7541F429BE80079AE94 /* WSCollectionCell.h */,
				E538D7551F429BE80079AE94 /* WSCollectionCell.m */,
				E59F2EA61F511DB600A238CE /* myHeaderViewCell.h */,
				E59F2EA71F511DB600A238CE /* myHeaderViewCell.m */,
				E5C960801F93132C00EB654A /* WSCollectionHeaderCell.h */,
				E5C960811F93132C00EB654A /* WSCollectionHeaderCell.m */,
			);
			path = cell;
			sourceTree = "<group>";
		};
		E538D7581F429BE80079AE94 /* Model */ = {
			isa = PBXGroup;
			children = (
				E538D7591F429BE80079AE94 /* CellModel.h */,
				E538D75A1F429BE80079AE94 /* CellModel.m */,
				E53CD2E21F4F15B600CF913D /* MyIndexModel.h */,
				E53CD2E31F4F15B600CF913D /* MyIndexModel.m */,
				E54FAA5B1F5A9F52006C65AF /* MycommitModel.h */,
				E54FAA5C1F5A9F52006C65AF /* MycommitModel.m */,
			);
			path = Model;
			sourceTree = "<group>";
		};
		E538D75B1F429BE80079AE94 /* View */ = {
			isa = PBXGroup;
			children = (
				E538D75C1F429BE80079AE94 /* IndexCollectionView.h */,
				E538D75D1F429BE80079AE94 /* IndexCollectionView.m */,
				E538D75E1F429BE80079AE94 /* WSLayout.h */,
				E538D75F1F429BE80079AE94 /* WSLayout.m */,
				E54FAA581F5A9E71006C65AF /* MyCommitHeaderView.h */,
				E54FAA591F5A9E71006C65AF /* MyCommitHeaderView.m */,
			);
			path = View;
			sourceTree = "<group>";
		};
		E538D7601F429BE80079AE94 /* Mine */ = {
			isa = PBXGroup;
			children = (
				E5C960831F93502C00EB654A /* Cell */,
				E5C960841F93502C00EB654A /* View */,
				E538D7611F429BE80079AE94 /* MineViewController.h */,
				E538D7621F429BE80079AE94 /* MineViewController.m */,
				E5C9608F1F93622700EB654A /* MineSettingTextViewController.h */,
				E5C960901F93622700EB654A /* MineSettingTextViewController.m */,
				E568260E1F9E275A0099F363 /* MineProfileInfoViewController.h */,
				E568260F1F9E275A0099F363 /* MineProfileInfoViewController.m */,
				E56826111F9E31130099F363 /* MineAccountViewController.h */,
				E56826121F9E31130099F363 /* MineAccountViewController.m */,
				E56826141F9E32600099F363 /* MinePasswordViewController.h */,
				E56826151F9E32600099F363 /* MinePasswordViewController.m */,
			);
			path = Mine;
			sourceTree = "<group>";
		};
		E538D7631F429BE80079AE94 /* News */ = {
			isa = PBXGroup;
			children = (
				E538D7641F429BE80079AE94 /* NewsViewController.h */,
				E538D7651F429BE80079AE94 /* NewsViewController.m */,
				E53C9D631F55871F0069D663 /* NewsMessageController.h */,
				E53C9D641F55871F0069D663 /* NewsMessageController.m */,
				E5C0119F1F526D38003FB906 /* cell */,
				E5C011A01F526D38003FB906 /* Model */,
				E5C011A11F526D38003FB906 /* View */,
			);
			path = News;
			sourceTree = "<group>";
		};
		E538D7721F429D7E0079AE94 /* CommonClass */ = {
			isa = PBXGroup;
			children = (
				E5944BFE1FB9757600013F78 /* city.txt */,
				E5944BFC1FB9757500013F78 /* CGGetCityPlist.h */,
				E5944BFD1FB9757600013F78 /* CGGetCityPlist.m */,
				E538D7731F429D7E0079AE94 /* Macro.h */,
				E5B174ED1F9CAA180055E16A /* CGSingleCommitData.h */,
				E5B174EE1F9CAA180055E16A /* CGSingleCommitData.m */,
			);
			path = CommonClass;
			sourceTree = "<group>";
		};
		E55DF4BA1FBB2F0B00E5215E /* Cell */ = {
			isa = PBXGroup;
			children = (
				E55DF4BB1FBB2F2600E5215E /* CGLocationTableViewCell.h */,
				E55DF4BC1FBB2F2600E5215E /* CGLocationTableViewCell.m */,
			);
			path = Cell;
			sourceTree = "<group>";
		};
		E56801671F39912800415A65 /* Class */ = {
			isa = PBXGroup;
			children = (
				E534E1BC1FBBDF9A00F4962E /* Friends */,
				E5C0CD6D1FB80C1F002394C9 /* Model */,
				E5F0A3E61F57F7FD0051699B /* Login */,
				E538D7521F429BE80079AE94 /* Index */,
				E538D74F1F429BE80079AE94 /* DriftBottle */,
				E538D7601F429BE80079AE94 /* Mine */,
				E538D7631F429BE80079AE94 /* News */,
			);
			path = Class;
			sourceTree = "<group>";
		};
		E5797E591FAFFEFB00867215 /* Localizable */ = {
			isa = PBXGroup;
			children = (
				E511CB261FB005EF006BA362 /* Localizable.strings */,
				E511CB161FB00013006BA362 /* InfoPlist.strings */,
			);
			path = Localizable;
			sourceTree = "<group>";
		};
		E5C0119F1F526D38003FB906 /* cell */ = {
			isa = PBXGroup;
			children = (
				E53C9D691F558B700069D663 /* NewsInfoCellTableViewCell.h */,
				E53C9D6A1F558B700069D663 /* NewsInfoCellTableViewCell.m */,
				E51ED2DA1F5FFFEC0080BBA1 /* NewsContentTableViewCell.h */,
				E51ED2DB1F5FFFEC0080BBA1 /* NewsContentTableViewCell.m */,
			);
			path = cell;
			sourceTree = "<group>";
		};
		E5C011A01F526D38003FB906 /* Model */ = {
			isa = PBXGroup;
			children = (
				E53C9D661F558AAA0069D663 /* NewsInfoModel.h */,
				E53C9D671F558AAA0069D663 /* NewsInfoModel.m */,
				E51ED2DD1F6000130080BBA1 /* NewsContentModel.h */,
				E51ED2DE1F6000130080BBA1 /* NewsContentModel.m */,
			);
			path = Model;
			sourceTree = "<group>";
		};
		E5C011A11F526D38003FB906 /* View */ = {
			isa = PBXGroup;
			children = (
				E581D53C1F66987A00FD9A28 /* ShapedImageView.h */,
				E581D53D1F66987A00FD9A28 /* ShapedImageView.m */,
				E5C011A21F526D57003FB906 /* NewsBottomMessage.h */,
				E5C011A31F526D57003FB906 /* NewsBottomMessage.m */,
				E5C011BD1F52771F003FB906 /* UIMessageCustom.h */,
				E5C011BE1F52771F003FB906 /* UIMessageCustom.m */,
				E5A513B41F60328100B4AC1F /* NewsContentCustomLabel.h */,
				E5A513B51F60328100B4AC1F /* NewsContentCustomLabel.m */,
			);
			path = View;
			sourceTree = "<group>";
		};
		E5C0CD6D1FB80C1F002394C9 /* Model */ = {
			isa = PBXGroup;
			children = (
				E5C0CD6E1FB80C35002394C9 /* CGPinglunModel.h */,
				E5C0CD6F1FB80C35002394C9 /* CGPinglunModel.m */,
				E5C0CD711FB80EAB002394C9 /* CGPinglunren.h */,
				E5C0CD721FB80EAB002394C9 /* CGPinglunren.m */,
				E5C0CD741FB80F2D002394C9 /* CGShuoShuo.h */,
				E5C0CD751FB80F2D002394C9 /* CGShuoShuo.m */,
				E5C0CD771FB80FCB002394C9 /* CGUserInfo.h */,
				E5C0CD781FB80FCB002394C9 /* CGUserInfo.m */,
				E5C0CD7F1FB81F20002394C9 /* CGIndexModel.h */,
				E5C0CD801FB81F20002394C9 /* CGIndexModel.m */,
				E5C0CD8A1FB83EF5002394C9 /* CGPinglun.h */,
				E5C0CD8B1FB83EF5002394C9 /* CGPinglun.m */,
			);
			path = Model;
			sourceTree = "<group>";
		};
		E5C960831F93502C00EB654A /* Cell */ = {
			isa = PBXGroup;
			children = (
				E5C960851F93507500EB654A /* MySettingTableViewCell.h */,
				E5C960861F93507500EB654A /* MySettingTableViewCell.m */,
			);
			path = Cell;
			sourceTree = "<group>";
		};
		E5C960841F93502C00EB654A /* View */ = {
			isa = PBXGroup;
			children = (
				E5C9608C1F935F8900EB654A /* MineSettingTextView.h */,
				E5C9608D1F935F8900EB654A /* MineSettingTextView.m */,
			);
			path = View;
			sourceTree = "<group>";
		};
		E5E0FE341F9AF15700B5228E /* WYPickerViews */ = {
			isa = PBXGroup;
			children = (
				E5E0FE351F9AF15700B5228E /* CityData.plist */,
				E5E0FE361F9AF15700B5228E /* NicknameViewController.h */,
				E5E0FE371F9AF15700B5228E /* NicknameViewController.m */,
				E5E0FE381F9AF15700B5228E /* SignatureViewController.h */,
				E5E0FE391F9AF15700B5228E /* SignatureViewController.m */,
				E5E0FE3A1F9AF15700B5228E /* WYBirthdayPickerView.h */,
				E5E0FE3B1F9AF15700B5228E /* WYBirthdayPickerView.m */,
				E5E0FE3C1F9AF15700B5228E /* WYCityPickerView.h */,
				E5E0FE3D1F9AF15700B5228E /* WYCityPickerView.m */,
				E5E0FE3E1F9AF15700B5228E /* WYGenderPickerView.h */,
				E5E0FE3F1F9AF15700B5228E /* WYGenderPickerView.m */,
				E5E0FE401F9AF15700B5228E /* WYHeightPickerView.h */,
				E5E0FE411F9AF15700B5228E /* WYHeightPickerView.m */,
				E5E0FE421F9AF15700B5228E /* WYLongTextInputView.h */,
				E5E0FE431F9AF15700B5228E /* WYLongTextInputView.m */,
				E5E0FE441F9AF15700B5228E /* 返回@2x.png */,
				E5E0FE451F9AF15700B5228E /* 返回@3x.png */,
			);
			path = WYPickerViews;
			sourceTree = "<group>";
		};
		E5F0A3E61F57F7FD0051699B /* Login */ = {
			isa = PBXGroup;
			children = (
				E55DF4BA1FBB2F0B00E5215E /* Cell */,
				E5F0A3E81F57F7FD0051699B /* CGLoginViewController.h */,
				E5F0A3E91F57F7FD0051699B /* CGLoginViewController.m */,
				E5FA64151F5865C70032D1BB /* CGRegisterIndexViewController.h */,
				E5FA64161F5865C70032D1BB /* CGRegisterIndexViewController.m */,
				E5B0A1441F62827A00FD6476 /* CGForgetPasswordViewController.h */,
				E5B0A1451F62827A00FD6476 /* CGForgetPasswordViewController.m */,
				E5944C011FB975D300013F78 /* UICountryViewController.h */,
				E5944C021FB975D300013F78 /* UICountryViewController.m */,
				E5944C041FB975FC00013F78 /* UICitySViewController.h */,
				E5944C051FB975FC00013F78 /* UICitySViewController.m */,
				E5F0A3EB1F57F7FD0051699B /* View */,
			);
			path = Login;
			sourceTree = "<group>";
		};
		E5F0A3EB1F57F7FD0051699B /* View */ = {
			isa = PBXGroup;
			children = (
				E5FA64121F585ED80032D1BB /* CGRegisterIndexView.h */,
				E5FA64131F585ED80032D1BB /* CGRegisterIndexView.m */,
				E5F0A3ED1F57F8750051699B /* CGLoginIndexView.h */,
				E5F0A3EE1F57F8750051699B /* CGLoginIndexView.m */,
				E5F0A3F01F5803860051699B /* CGLoginIndexCustomTextField.h */,
				E5F0A3F11F5803860051699B /* CGLoginIndexCustomTextField.m */,
			);
			path = View;
			sourceTree = "<group>";
		};
/* End PBXGroup section */

/* Begin PBXNativeTarget section */
		6003F589195388D20070C39A /* ChineseGirl_Example */ = {
			isa = PBXNativeTarget;
			buildConfigurationList = 6003F5BF195388D20070C39A /* Build configuration list for PBXNativeTarget "ChineseGirl_Example" */;
			buildPhases = (
				E4DFC6B1C573F9CE08A8D399 /* [CP] Check Pods Manifest.lock */,
				6003F586195388D20070C39A /* Sources */,
				6003F587195388D20070C39A /* Frameworks */,
				6003F588195388D20070C39A /* Resources */,
				9B3CB195E3669396AA0637B5 /* [CP] Embed Pods Frameworks */,
				FF417B7723E0ED6C9C70033F /* [CP] Copy Pods Resources */,
			);
			buildRules = (
			);
			dependencies = (
			);
			name = ChineseGirl_Example;
			productName = ChineseGirl;
			productReference = 6003F58A195388D20070C39A /* ChineseGirl_Example.app */;
			productType = "com.apple.product-type.application";
		};
		6003F5AD195388D20070C39A /* ChineseGirl_Tests */ = {
			isa = PBXNativeTarget;
			buildConfigurationList = 6003F5C2195388D20070C39A /* Build configuration list for PBXNativeTarget "ChineseGirl_Tests" */;
			buildPhases = (
				6003F5AA195388D20070C39A /* Sources */,
				6003F5AB195388D20070C39A /* Frameworks */,
				6003F5AC195388D20070C39A /* Resources */,
			);
			buildRules = (
			);
			dependencies = (
				6003F5B4195388D20070C39A /* PBXTargetDependency */,
			);
			name = ChineseGirl_Tests;
			productName = ChineseGirlTests;
			productReference = 6003F5AE195388D20070C39A /* ChineseGirl_Tests.xctest */;
			productType = "com.apple.product-type.bundle.unit-test";
		};
/* End PBXNativeTarget section */

/* Begin PBXProject section */
		6003F582195388D10070C39A /* Project object */ = {
			isa = PBXProject;
			attributes = {
				CLASSPREFIX = CG;
				LastUpgradeCheck = 0720;
				ORGANIZATIONNAME = wanjiehuizhaofang;
				TargetAttributes = {
					6003F589195388D20070C39A = {
						DevelopmentTeam = 9LKXW763RU;
						ProvisioningStyle = Automatic;
						SystemCapabilities = {
							com.apple.BackgroundModes = {
								enabled = 1;
							};
						};
					};
					6003F5AD195388D20070C39A = {
						TestTargetID = 6003F589195388D20070C39A;
					};
				};
			};
			buildConfigurationList = 6003F585195388D10070C39A /* Build configuration list for PBXProject "ChineseGirl" */;
			compatibilityVersion = "Xcode 3.2";
			developmentRegion = English;
			hasScannedForEncodings = 0;
			knownRegions = (
				en,
				Base,
				ja,
				ko,
				"zh-Hans",
				"zh-Hant",
			);
			mainGroup = 6003F581195388D10070C39A;
			productRefGroup = 6003F58B195388D20070C39A /* Products */;
			projectDirPath = "";
			projectRoot = "";
			targets = (
				6003F589195388D20070C39A /* ChineseGirl_Example */,
				6003F5AD195388D20070C39A /* ChineseGirl_Tests */,
			);
		};
/* End PBXProject section */

/* Begin PBXResourcesBuildPhase section */
		6003F588195388D20070C39A /* Resources */ = {
			isa = PBXResourcesBuildPhase;
			buildActionMask = 2147483647;
			files = (
				E504AB931F507C0100E1F48C /* MJPhotoBrowser.bundle in Resources */,
				E511CB241FB005EF006BA362 /* Localizable.strings in Resources */,
				E5C0CD8E1FB841B8002394C9 /* shuoshuo.plist in Resources */,
				E5C0CD891FB8349F002394C9 /* userInfo.plist in Resources */,
				E5D04A4D1F68097A00844B2F /* icon_bubble_left.png in Resources */,
				E5D04A4F1F68099600844B2F /* icon_bubble_right.png in Resources */,
				E5D9F0331FB2E2D400DAEB7A /* CNCity.plist in Resources */,
				873B8AEB1B1F5CCA007FD442 /* Main.storyboard in Resources */,
				71719F9F1E33DC2100824A3D /* LaunchScreen.storyboard in Resources */,
				E5E0FE4F1F9AF15700B5228E /* 返回@3x.png in Resources */,
				E504AB901F507C0100E1F48C /* MBProgressHUD.bundle in Resources */,
				6003F5A9195388D20070C39A /* Images.xcassets in Resources */,
				E5E0FE4E1F9AF15700B5228E /* 返回@2x.png in Resources */,
				E511CB141FB00013006BA362 /* InfoPlist.strings in Resources */,
				E5C0CD831FB81F8B002394C9 /* index.plist in Resources */,
				E5C0CD691FB80BEC002394C9 /* pinglunren.plist in Resources */,
				E5944C001FB9757600013F78 /* city.txt in Resources */,
				E5C0CD6A1FB80BEC002394C9 /* pinglun.plist in Resources */,
				E5E0FE461F9AF15700B5228E /* CityData.plist in Resources */,
				E5D9F0341FB2E2D400DAEB7A /* ENCity.plist in Resources */,
				E5D9F0321FB2E2D400DAEB7A /* TWCity.plist in Resources */,
			);
			runOnlyForDeploymentPostprocessing = 0;
		};
		6003F5AC195388D20070C39A /* Resources */ = {
			isa = PBXResourcesBuildPhase;
			buildActionMask = 2147483647;
			files = (
				6003F5BA195388D20070C39A /* InfoPlist.strings in Resources */,
			);
			runOnlyForDeploymentPostprocessing = 0;
		};
/* End PBXResourcesBuildPhase section */

/* Begin PBXShellScriptBuildPhase section */
		9B3CB195E3669396AA0637B5 /* [CP] Embed Pods Frameworks */ = {
			isa = PBXShellScriptBuildPhase;
			buildActionMask = 2147483647;
			files = (
			);
			inputPaths = (
			);
			name = "[CP] Embed Pods Frameworks";
			outputPaths = (
			);
			runOnlyForDeploymentPostprocessing = 0;
			shellPath = /bin/sh;
			shellScript = "\"${SRCROOT}/Pods/Target Support Files/Pods-ChineseGirl_Example/Pods-ChineseGirl_Example-frameworks.sh\"\n";
			showEnvVarsInLog = 0;
		};
		E4DFC6B1C573F9CE08A8D399 /* [CP] Check Pods Manifest.lock */ = {
			isa = PBXShellScriptBuildPhase;
			buildActionMask = 2147483647;
			files = (
			);
			inputPaths = (
			);
			name = "[CP] Check Pods Manifest.lock";
			outputPaths = (
			);
			runOnlyForDeploymentPostprocessing = 0;
			shellPath = /bin/sh;
			shellScript = "diff \"${PODS_PODFILE_DIR_PATH}/Podfile.lock\" \"${PODS_ROOT}/Manifest.lock\" > /dev/null\nif [ $? != 0 ] ; then\n    # print error to STDERR\n    echo \"error: The sandbox is not in sync with the Podfile.lock. Run 'pod install' or update your CocoaPods installation.\" >&2\n    exit 1\nfi\n";
			showEnvVarsInLog = 0;
		};
		FF417B7723E0ED6C9C70033F /* [CP] Copy Pods Resources */ = {
			isa = PBXShellScriptBuildPhase;
			buildActionMask = 2147483647;
			files = (
			);
			inputPaths = (
			);
			name = "[CP] Copy Pods Resources";
			outputPaths = (
			);
			runOnlyForDeploymentPostprocessing = 0;
			shellPath = /bin/sh;
			shellScript = "\"${SRCROOT}/Pods/Target Support Files/Pods-ChineseGirl_Example/Pods-ChineseGirl_Example-resources.sh\"\n";
			showEnvVarsInLog = 0;
		};
/* End PBXShellScriptBuildPhase section */

/* Begin PBXSourcesBuildPhase section */
		6003F586195388D20070C39A /* Sources */ = {
			isa = PBXSourcesBuildPhase;
			buildActionMask = 2147483647;
			files = (
				E5E0FE491F9AF15700B5228E /* WYBirthdayPickerView.m in Sources */,
				E5EFC82B1F492CEB0078F856 /* MyIndexViewController.m in Sources */,
				E538D74B1F429ACC0079AE94 /* AFSecurityPolicy.m in Sources */,
				E5C9608E1F935F8900EB654A /* MineSettingTextView.m in Sources */,
				E538D7691F429BE80079AE94 /* CellModel.m in Sources */,
				E538D7701F429C060079AE94 /* UIViewController+NavigationBar.m in Sources */,
				E5C011A41F526D57003FB906 /* NewsBottomMessage.m in Sources */,
				E504AB911F507C0100E1F48C /* MBProgressHUD.m in Sources */,
				E504AB8F1F507C0100E1F48C /* MBProgressHUD+Add.m in Sources */,
				E504AB961F507C0100E1F48C /* MJPhotoProgressView.m in Sources */,
				6003F59E195388D20070C39A /* CGAppDelegate.m in Sources */,
				E53CD2E41F4F15B600CF913D /* MyIndexModel.m in Sources */,
				E538D76B1F429BE80079AE94 /* WSLayout.m in Sources */,
				E534E1C21FBBDF9A00F4962E /* CGFriendsViewcontroller.m in Sources */,
				E53CD2E71F4F17DC00CF913D /* MyIndexCell.m in Sources */,
				E5260EDA1F69698E001824F1 /* CGPickBottleContentView.m in Sources */,
				6003F5A7195388D20070C39A /* CGViewController.m in Sources */,
				E5A513B61F60328100B4AC1F /* NewsContentCustomLabel.m in Sources */,
				E5C960871F93507500EB654A /* MySettingTableViewCell.m in Sources */,
				E5E0FE4C1F9AF15700B5228E /* WYHeightPickerView.m in Sources */,
				E5C0CD761FB80F2D002394C9 /* CGShuoShuo.m in Sources */,
				E5C011BF1F52771F003FB906 /* UIMessageCustom.m in Sources */,
				E538D74C1F429ACC0079AE94 /* AFURLRequestSerialization.m in Sources */,
				E53503B11F9C721900E1D8C5 /* MyCommitSViewController.m in Sources */,
				E53C9D681F558AAA0069D663 /* NewsInfoModel.m in Sources */,
				E538D76A1F429BE80079AE94 /* IndexCollectionView.m in Sources */,
				E5F0A3EC1F57F7FD0051699B /* CGLoginViewController.m in Sources */,
				E5F0A3EF1F57F8750051699B /* CGLoginIndexView.m in Sources */,
				E5C0CD701FB80C35002394C9 /* CGPinglunModel.m in Sources */,
				E538D76C1F429BE80079AE94 /* MineViewController.m in Sources */,
				E504AB981F507C0100E1F48C /* MJPhotoView.m in Sources */,
				E5E0FE4A1F9AF15700B5228E /* WYCityPickerView.m in Sources */,
				E56826131F9E31130099F363 /* MineAccountViewController.m in Sources */,
				E5B0A1461F62827A00FD6476 /* CGForgetPasswordViewController.m in Sources */,
				E51ED2DF1F6000130080BBA1 /* NewsContentModel.m in Sources */,
				E504AB951F507C0100E1F48C /* MJPhotoLoadingView.m in Sources */,
				E5B174EF1F9CAA180055E16A /* CGSingleCommitData.m in Sources */,
				E54FAA5D1F5A9F52006C65AF /* MycommitModel.m in Sources */,
				E5C960911F93622700EB654A /* MineSettingTextViewController.m in Sources */,
				E5C0CD731FB80EAB002394C9 /* CGPinglunren.m in Sources */,
				E504AB971F507C0100E1F48C /* MJPhotoToolbar.m in Sources */,
				E504AB9B1F507C3B00E1F48C /* UIImageView+MJWebCache.m in Sources */,
				E54FAA601F5AA90A006C65AF /* myCommitCell.m in Sources */,
				E5E35D361F9B426600322F9D /* UICustomPickImgView.m in Sources */,
				E5E0FE481F9AF15700B5228E /* SignatureViewController.m in Sources */,
				E538D7661F429BE80079AE94 /* DriftBottleViewController.m in Sources */,
				E5FA64171F5865C70032D1BB /* CGRegisterIndexViewController.m in Sources */,
				E508B1B71F714C750048C378 /* CGBottleTextView.m in Sources */,
				6003F59A195388D20070C39A /* main.m in Sources */,
				E5944BFF1FB9757600013F78 /* CGGetCityPlist.m in Sources */,
				E5944C061FB975FC00013F78 /* UICitySViewController.m in Sources */,
				E538D74E1F429ACC0079AE94 /* AFURLSessionManager.m in Sources */,
				E59F2EA81F511DB600A238CE /* myHeaderViewCell.m in Sources */,
				E5E0FE4B1F9AF15700B5228E /* WYGenderPickerView.m in Sources */,
				E534E1C31FBBDF9A00F4962E /* NSString+PinYin.m in Sources */,
				E53C9D6B1F558B700069D663 /* NewsInfoCellTableViewCell.m in Sources */,
				E5C0CD791FB80FCB002394C9 /* CGUserInfo.m in Sources */,
				E504AB941F507C0100E1F48C /* MJPhotoBrowser.m in Sources */,
				E5F0A3F21F5803860051699B /* CGLoginIndexCustomTextField.m in Sources */,
				E56826161F9E32600099F363 /* MinePasswordViewController.m in Sources */,
				E51ED2DC1F5FFFEC0080BBA1 /* NewsContentTableViewCell.m in Sources */,
				E581D53E1F66987A00FD9A28 /* ShapedImageView.m in Sources */,
				E538D74D1F429ACC0079AE94 /* AFURLResponseSerialization.m in Sources */,
				E504AB921F507C0100E1F48C /* MJPhoto.m in Sources */,
				E5E0FE4D1F9AF15700B5228E /* WYLongTextInputView.m in Sources */,
				E56826101F9E275A0099F363 /* MineProfileInfoViewController.m in Sources */,
				E538D76D1F429BE80079AE94 /* NewsViewController.m in Sources */,
				E5C0CD8C1FB83EF5002394C9 /* CGPinglun.m in Sources */,
				E55DF4BD1FBB2F2600E5215E /* CGLocationTableViewCell.m in Sources */,
				E538D74A1F429ACC0079AE94 /* AFNetworkReachabilityManager.m in Sources */,
				E54FAA5A1F5A9E71006C65AF /* MyCommitHeaderView.m in Sources */,
				E5E0FE471F9AF15700B5228E /* NicknameViewController.m in Sources */,
				E538D7491F429ACC0079AE94 /* AFHTTPSessionManager.m in Sources */,
				E5944C031FB975D400013F78 /* UICountryViewController.m in Sources */,
				E5C0CD811FB81F20002394C9 /* CGIndexModel.m in Sources */,
				E5C960821F93132C00EB654A /* WSCollectionHeaderCell.m in Sources */,
				E538D7671F429BE80079AE94 /* WSCollectionCell.m in Sources */,
				E5FA64141F585ED80032D1BB /* CGRegisterIndexView.m in Sources */,
				E538D7681F429BE80079AE94 /* IndexViewController.m in Sources */,
				E53C9D651F55871F0069D663 /* NewsMessageController.m in Sources */,
			);
			runOnlyForDeploymentPostprocessing = 0;
		};
		6003F5AA195388D20070C39A /* Sources */ = {
			isa = PBXSourcesBuildPhase;
			buildActionMask = 2147483647;
			files = (
				6003F5BC195388D20070C39A /* Tests.m in Sources */,
			);
			runOnlyForDeploymentPostprocessing = 0;
		};
/* End PBXSourcesBuildPhase section */

/* Begin PBXTargetDependency section */
		6003F5B4195388D20070C39A /* PBXTargetDependency */ = {
			isa = PBXTargetDependency;
			target = 6003F589195388D20070C39A /* ChineseGirl_Example */;
			targetProxy = 6003F5B3195388D20070C39A /* PBXContainerItemProxy */;
		};
/* End PBXTargetDependency section */

/* Begin PBXVariantGroup section */
		6003F5B8195388D20070C39A /* InfoPlist.strings */ = {
			isa = PBXVariantGroup;
			children = (
				6003F5B9195388D20070C39A /* en */,
				E511CB1A1FB001B0006BA362 /* ja */,
				E511CB1D1FB001CC006BA362 /* ko */,
			);
			name = InfoPlist.strings;
			sourceTree = "<group>";
		};
		71719F9D1E33DC2100824A3D /* LaunchScreen.storyboard */ = {
			isa = PBXVariantGroup;
			children = (
				71719F9E1E33DC2100824A3D /* Base */,
				E511CB181FB001B0006BA362 /* ja */,
				E511CB1B1FB001CB006BA362 /* ko */,
				E511CB381FB05C3C006BA362 /* zh-Hans */,
				E511CB3A1FB05C46006BA362 /* zh-Hant */,
			);
			name = LaunchScreen.storyboard;
			sourceTree = "<group>";
		};
		E511CB161FB00013006BA362 /* InfoPlist.strings */ = {
			isa = PBXVariantGroup;
			children = (
				E511CB151FB00013006BA362 /* en */,
				E511CB171FB0001C006BA362 /* Base */,
				E511CB191FB001B0006BA362 /* ja */,
				E511CB1C1FB001CC006BA362 /* ko */,
				E511CB3C1FB05C53006BA362 /* zh-Hans */,
				E511CB3D1FB05C57006BA362 /* zh-Hant */,
			);
			name = InfoPlist.strings;
			sourceTree = "<group>";
		};
		E511CB261FB005EF006BA362 /* Localizable.strings */ = {
			isa = PBXVariantGroup;
			children = (
				E511CB251FB005EF006BA362 /* en */,
				E511CB271FB005FC006BA362 /* Base */,
				E511CB281FB005FD006BA362 /* ja */,
				E511CB291FB005FF006BA362 /* ko */,
				E511CB391FB05C3C006BA362 /* zh-Hans */,
				E511CB3B1FB05C46006BA362 /* zh-Hant */,
			);
			name = Localizable.strings;
			sourceTree = "<group>";
		};
/* End PBXVariantGroup section */

/* Begin XCBuildConfiguration section */
		6003F5BD195388D20070C39A /* Debug */ = {
			isa = XCBuildConfiguration;
			buildSettings = {
				ALWAYS_SEARCH_USER_PATHS = NO;
				CLANG_ANALYZER_LOCALIZABILITY_NONLOCALIZED = YES;
				CLANG_CXX_LANGUAGE_STANDARD = "gnu++0x";
				CLANG_CXX_LIBRARY = "libc++";
				CLANG_ENABLE_MODULES = YES;
				CLANG_ENABLE_OBJC_ARC = YES;
				CLANG_WARN_BOOL_CONVERSION = YES;
				CLANG_WARN_CONSTANT_CONVERSION = YES;
				CLANG_WARN_DIRECT_OBJC_ISA_USAGE = YES_ERROR;
				CLANG_WARN_EMPTY_BODY = YES;
				CLANG_WARN_ENUM_CONVERSION = YES;
				CLANG_WARN_INT_CONVERSION = YES;
				CLANG_WARN_OBJC_ROOT_CLASS = YES_ERROR;
				CLANG_WARN__DUPLICATE_METHOD_MATCH = YES;
				"CODE_SIGN_IDENTITY[sdk=iphoneos*]" = "iPhone Developer";
				COPY_PHASE_STRIP = NO;
				ENABLE_TESTABILITY = YES;
				GCC_C_LANGUAGE_STANDARD = gnu99;
				GCC_DYNAMIC_NO_PIC = NO;
				GCC_OPTIMIZATION_LEVEL = 0;
				GCC_PREPROCESSOR_DEFINITIONS = (
					"DEBUG=1",
					"$(inherited)",
				);
				GCC_SYMBOLS_PRIVATE_EXTERN = NO;
				GCC_WARN_64_TO_32_BIT_CONVERSION = YES;
				GCC_WARN_ABOUT_RETURN_TYPE = YES_ERROR;
				GCC_WARN_UNDECLARED_SELECTOR = YES;
				GCC_WARN_UNINITIALIZED_AUTOS = YES_AGGRESSIVE;
				GCC_WARN_UNUSED_FUNCTION = YES;
				GCC_WARN_UNUSED_VARIABLE = YES;
				IPHONEOS_DEPLOYMENT_TARGET = 10.2;
				ONLY_ACTIVE_ARCH = YES;
				SDKROOT = iphoneos;
				TARGETED_DEVICE_FAMILY = "1,2";
			};
			name = Debug;
		};
		6003F5BE195388D20070C39A /* Release */ = {
			isa = XCBuildConfiguration;
			buildSettings = {
				ALWAYS_SEARCH_USER_PATHS = NO;
				CLANG_ANALYZER_LOCALIZABILITY_NONLOCALIZED = YES;
				CLANG_CXX_LANGUAGE_STANDARD = "gnu++0x";
				CLANG_CXX_LIBRARY = "libc++";
				CLANG_ENABLE_MODULES = YES;
				CLANG_ENABLE_OBJC_ARC = YES;
				CLANG_WARN_BOOL_CONVERSION = YES;
				CLANG_WARN_CONSTANT_CONVERSION = YES;
				CLANG_WARN_DIRECT_OBJC_ISA_USAGE = YES_ERROR;
				CLANG_WARN_EMPTY_BODY = YES;
				CLANG_WARN_ENUM_CONVERSION = YES;
				CLANG_WARN_INT_CONVERSION = YES;
				CLANG_WARN_OBJC_ROOT_CLASS = YES_ERROR;
				CLANG_WARN__DUPLICATE_METHOD_MATCH = YES;
				"CODE_SIGN_IDENTITY[sdk=iphoneos*]" = "iPhone Developer";
				COPY_PHASE_STRIP = YES;
				ENABLE_NS_ASSERTIONS = NO;
				GCC_C_LANGUAGE_STANDARD = gnu99;
				GCC_WARN_64_TO_32_BIT_CONVERSION = YES;
				GCC_WARN_ABOUT_RETURN_TYPE = YES_ERROR;
				GCC_WARN_UNDECLARED_SELECTOR = YES;
				GCC_WARN_UNINITIALIZED_AUTOS = YES_AGGRESSIVE;
				GCC_WARN_UNUSED_FUNCTION = YES;
				GCC_WARN_UNUSED_VARIABLE = YES;
				IPHONEOS_DEPLOYMENT_TARGET = 10.2;
				SDKROOT = iphoneos;
				TARGETED_DEVICE_FAMILY = "1,2";
				VALIDATE_PRODUCT = YES;
			};
			name = Release;
		};
		6003F5C0195388D20070C39A /* Debug */ = {
			isa = XCBuildConfiguration;
			baseConfigurationReference = FBA77A7CBE9FFE2BA1642376 /* Pods-ChineseGirl_Example.debug.xcconfig */;
			buildSettings = {
				ASSETCATALOG_COMPILER_APPICON_NAME = AppIcon;
				"CODE_SIGN_IDENTITY[sdk=iphoneos*]" = "iPhone Developer";
				DEVELOPMENT_TEAM = 9LKXW763RU;
				GCC_PRECOMPILE_PREFIX_HEADER = YES;
				GCC_PREFIX_HEADER = "ChineseGirl/ChineseGirl-Prefix.pch";
				INFOPLIST_FILE = "ChineseGirl/ChineseGirl-Info.plist";
				IPHONEOS_DEPLOYMENT_TARGET = 10.0;
				MODULE_NAME = ExampleApp;
				PRODUCT_BUNDLE_IDENTIFIER = "org.cocoapods.demo.${PRODUCT_NAME:rfc1034identifier}";
				PRODUCT_NAME = "$(TARGET_NAME)";
				WRAPPER_EXTENSION = app;
			};
			name = Debug;
		};
		6003F5C1195388D20070C39A /* Release */ = {
			isa = XCBuildConfiguration;
			baseConfigurationReference = 42FA0950B1EA4E1BB940138C /* Pods-ChineseGirl_Example.release.xcconfig */;
			buildSettings = {
				ASSETCATALOG_COMPILER_APPICON_NAME = AppIcon;
				"CODE_SIGN_IDENTITY[sdk=iphoneos*]" = "iPhone Developer";
				DEVELOPMENT_TEAM = 9LKXW763RU;
				GCC_PRECOMPILE_PREFIX_HEADER = YES;
				GCC_PREFIX_HEADER = "ChineseGirl/ChineseGirl-Prefix.pch";
				INFOPLIST_FILE = "ChineseGirl/ChineseGirl-Info.plist";
				IPHONEOS_DEPLOYMENT_TARGET = 10.0;
				MODULE_NAME = ExampleApp;
				PRODUCT_BUNDLE_IDENTIFIER = "org.cocoapods.demo.${PRODUCT_NAME:rfc1034identifier}";
				PRODUCT_NAME = "$(TARGET_NAME)";
				WRAPPER_EXTENSION = app;
			};
			name = Release;
		};
		6003F5C3195388D20070C39A /* Debug */ = {
			isa = XCBuildConfiguration;
			buildSettings = {
				BUNDLE_LOADER = "$(TEST_HOST)";
				FRAMEWORK_SEARCH_PATHS = (
					"$(SDKROOT)/Developer/Library/Frameworks",
					"$(inherited)",
					"$(DEVELOPER_FRAMEWORKS_DIR)",
				);
				GCC_PRECOMPILE_PREFIX_HEADER = YES;
				GCC_PREFIX_HEADER = "Tests/Tests-Prefix.pch";
				GCC_PREPROCESSOR_DEFINITIONS = (
					"DEBUG=1",
					"$(inherited)",
				);
				INFOPLIST_FILE = "Tests/Tests-Info.plist";
				PRODUCT_BUNDLE_IDENTIFIER = "org.cocoapods.demo.${PRODUCT_NAME:rfc1034identifier}";
				PRODUCT_NAME = "$(TARGET_NAME)";
				TEST_HOST = "$(BUILT_PRODUCTS_DIR)/ChineseGirl_Example.app/ChineseGirl_Example";
				WRAPPER_EXTENSION = xctest;
			};
			name = Debug;
		};
		6003F5C4195388D20070C39A /* Release */ = {
			isa = XCBuildConfiguration;
			buildSettings = {
				BUNDLE_LOADER = "$(TEST_HOST)";
				FRAMEWORK_SEARCH_PATHS = (
					"$(SDKROOT)/Developer/Library/Frameworks",
					"$(inherited)",
					"$(DEVELOPER_FRAMEWORKS_DIR)",
				);
				GCC_PRECOMPILE_PREFIX_HEADER = YES;
				GCC_PREFIX_HEADER = "Tests/Tests-Prefix.pch";
				INFOPLIST_FILE = "Tests/Tests-Info.plist";
				PRODUCT_BUNDLE_IDENTIFIER = "org.cocoapods.demo.${PRODUCT_NAME:rfc1034identifier}";
				PRODUCT_NAME = "$(TARGET_NAME)";
				TEST_HOST = "$(BUILT_PRODUCTS_DIR)/ChineseGirl_Example.app/ChineseGirl_Example";
				WRAPPER_EXTENSION = xctest;
			};
			name = Release;
		};
/* End XCBuildConfiguration section */

/* Begin XCConfigurationList section */
		6003F585195388D10070C39A /* Build configuration list for PBXProject "ChineseGirl" */ = {
			isa = XCConfigurationList;
			buildConfigurations = (
				6003F5BD195388D20070C39A /* Debug */,
				6003F5BE195388D20070C39A /* Release */,
			);
			defaultConfigurationIsVisible = 0;
			defaultConfigurationName = Release;
		};
		6003F5BF195388D20070C39A /* Build configuration list for PBXNativeTarget "ChineseGirl_Example" */ = {
			isa = XCConfigurationList;
			buildConfigurations = (
				6003F5C0195388D20070C39A /* Debug */,
				6003F5C1195388D20070C39A /* Release */,
			);
			defaultConfigurationIsVisible = 0;
			defaultConfigurationName = Release;
		};
		6003F5C2195388D20070C39A /* Build configuration list for PBXNativeTarget "ChineseGirl_Tests" */ = {
			isa = XCConfigurationList;
			buildConfigurations = (
				6003F5C3195388D20070C39A /* Debug */,
				6003F5C4195388D20070C39A /* Release */,
			);
			defaultConfigurationIsVisible = 0;
			defaultConfigurationName = Release;
		};
/* End XCConfigurationList section */
	};
	rootObject = 6003F582195388D10070C39A /* Project object */;
}
